// !$*UTF8*$!
{
	archiveVersion = 1;
	classes = {
	};
	objectVersion = 77;
	objects = {

/* Begin PBXBuildFile section */
		12D1B45EAF2BBCDCEBEB1005 /* PlaysView.swift in Sources */ = {isa = PBXBuildFile; fileRef = 730BF6E5A4FF66C7DF52BCC2 /* PlaysView.swift */; };
		12D1B45EAF2BBCDCEBEB1006 /* TouchTourAnnouncementService.swift in Sources */ = {isa = PBXBuildFile; fileRef = 730BF6E5A4FF66C7DF52BCC3 /* TouchTourAnnouncementService.swift */; };
		13A69BFC319671031E87986D /* StadiumGeometry.swift in Sources */ = {isa = PBXBuildFile; fileRef = C54D54E4F45E8D6A098DFF0B /* StadiumGeometry.swift */; };
		AA44BC00DEADBEEF00002001 /* Draft.swift in Sources */ = {isa = PBXBuildFile; fileRef = AA44BC00DEADBEEF00002000 /* Draft.swift */; };
		148D279BE802BAA35FF18C92 /* News.swift in Sources */ = {isa = PBXBuildFile; fileRef = 3C2563CBCB32601D5263CEEF /* News.swift */; };
		17DD6D3CA0A61007F2DF8FC2 /* SportsScoresApp.swift in Sources */ = {isa = PBXBuildFile; fileRef = 9CF458B8B4585D69E60DA8FF /* SportsScoresApp.swift */; };
		19E3A581324D154BA8CAB60C /* Schedule.swift in Sources */ = {isa = PBXBuildFile; fileRef = 8CEB663233BEB6B8AC40C34A /* Schedule.swift */; };			AA44BC00DEADBEEF00001001 /* SeasonCalendar.swift in Sources */ = {isa = PBXBuildFile; fileRef = AA44BC00DEADBEEF00001000 /* SeasonCalendar.swift */; };		1A468450657E6A4E5C798D40 /* PollsViewModel.swift in Sources */ = {isa = PBXBuildFile; fileRef = BAB026ED5A307D8628CB7D79 /* PollsViewModel.swift */; };
		31603CE4AE41B5ABE907C348 /* TeamNamePreference.swift in Sources */ = {isa = PBXBuildFile; fileRef = 9AAC57811BB4C42BC2619656 /* TeamNamePreference.swift */; };
		32A6FF663F55FDB3009D64C7 /* TeamScheduleViewModel.swift in Sources */ = {isa = PBXBuildFile; fileRef = 915340F68BA4D0A9C2068191 /* TeamScheduleViewModel.swift */; };
		39FB1132256178B6106EA884 /* FootballFieldTourView.swift in Sources */ = {isa = PBXBuildFile; fileRef = 62F4C1D901EF7B90EED9E637 /* FootballFieldTourView.swift */; };
		3B583CE5901CF86D24E84764 /* TeamScheduleView.swift in Sources */ = {isa = PBXBuildFile; fileRef = 5B7A3E63F22E1898869FDC94 /* TeamScheduleView.swift */; };
		3B58834BFF1C6F8E735AF6CC /* PitchZoneExplorerView.swift in Sources */ = {isa = PBXBuildFile; fileRef = 3C463E72CBDDDA80C63C8952 /* PitchZoneExplorerView.swift */; };
		3CF5D8B7E440EC82D67DAC1F /* ScoresView.swift in Sources */ = {isa = PBXBuildFile; fileRef = 609CEBC16C71EE0B9BC17BD7 /* ScoresView.swift */; };
		4EBA8B3274D13D19014A34C4 /* BoxScoreView.swift in Sources */ = {isa = PBXBuildFile; fileRef = 5DB8AE94C204A50146E9F867 /* BoxScoreView.swift */; };
		513083EA6C93ED8413B1C342 /* DivisionMapper.swift in Sources */ = {isa = PBXBuildFile; fileRef = 1CEE4CE2353099109FF62D72 /* DivisionMapper.swift */; };
		537EDE5289F5FA56EDBB33E6 /* ViewMode.swift in Sources */ = {isa = PBXBuildFile; fileRef = 1F02454A9066804EF35F956A /* ViewMode.swift */; };
		64472E5262DAF76B2D31956D /* VenueToursView.swift in Sources */ = {isa = PBXBuildFile; fileRef = D140CFB6388D35A8A6DAA98A /* VenueToursView.swift */; };
		66941444CDF6D80C2263573F /* ContentView.swift in Sources */ = {isa = PBXBuildFile; fileRef = 5C7235DC0E2395602DD8FA74 /* ContentView.swift */; };
		5207A68ACEDF4B39AE17EAC3 /* GameDetails.swift in Sources */ = {isa = PBXBuildFile; fileRef = B3EFC144E52A4E08A79D3215 /* GameDetails.swift */; };
		6AA11FE748A64C8F80FFEA4B /* ESPNAPIResponseModels.swift in Sources */ = {isa = PBXBuildFile; fileRef = 70D3777E39C54AF89E5D371D /* ESPNAPIResponseModels.swift */; };
		67AE8DCB8DE650FF5D655562 /* Game.swift in Sources */ = {isa = PBXBuildFile; fileRef = 08AB11969A6D49301493C976 /* Game.swift */; };
		6C341E3F349F9C34917C0BA1 /* PitchMapView.swift in Sources */ = {isa = PBXBuildFile; fileRef = AD66FC8613BE001BF933296A /* PitchMapView.swift */; };
		71558223E4B1963628A115D5 /* AccessibleTableBridge.swift in Sources */ = {isa = PBXBuildFile; fileRef = CA03F672A5EA237BD26D7267 /* AccessibleTableBridge.swift */; };
		7D0281DAD5661B027D351459 /* SportSelectionView.swift in Sources */ = {isa = PBXBuildFile; fileRef = AA74734FB552A44C1F62E3C7 /* SportSelectionView.swift */; };
		7FE49CE6841F2741FB6D9993 /* BasketballCourtTourView.swift in Sources */ = {isa = PBXBuildFile; fileRef = 5B9633ED3A95DF8C72813B8D /* BasketballCourtTourView.swift */; };
		898FBB6809528DF5A40939BE /* DatePickerView.swift in Sources */ = {isa = PBXBuildFile; fileRef = 797D09AB2E8244D9B87B18DD /* DatePickerView.swift */; };
		8A2691FFB0CCF34A4FCF39AE /* ESPNAPIService.swift in Sources */ = {isa = PBXBuildFile; fileRef = 21AFFA6521B030C9D6A32C28 /* ESPNAPIService.swift */; };
		9D93010B54E6E1BDF2438669 /* Standings.swift in Sources */ = {isa = PBXBuildFile; fileRef = 2F730ED25EF184C36C9EEC13 /* Standings.swift */; };
		A40265BD5D3531D5A2DBC7CE /* Assets.xcassets in Resources */ = {isa = PBXBuildFile; fileRef = 636254F8AA33A59EC7DE9718 /* Assets.xcassets */; };
		AA53FCD9577528CAAD72E565 /* NewsViewModel.swift in Sources */ = {isa = PBXBuildFile; fileRef = E5A708A7622868D80A976423 /* NewsViewModel.swift */; };
		AD2514C8D08879F4B4B46D8F /* SettingsView.swift in Sources */ = {isa = PBXBuildFile; fileRef = 8B5D54CA4176A888905B0A8B /* SettingsView.swift */; };
		B4010B138E30A62510C01960 /* ScoresViewModel.swift in Sources */ = {isa = PBXBuildFile; fileRef = BDEC309880AB2ADBB9696E41 /* ScoresViewModel.swift */; };
		B49424A188C213E59DF44F28 /* NewsView.swift in Sources */ = {isa = PBXBuildFile; fileRef = EE41AFE532E985B250D0D3BE /* NewsView.swift */; };
		B54A3C6BF8F49A420AE8B5A6 /* LiveScoresViewModel.swift in Sources */ = {isa = PBXBuildFile; fileRef = 2C6754243E2E05857C78D223 /* LiveScoresViewModel.swift */; };
		F1A2B3C4D5E6071829AAC001 /* SoccerHubViewModel.swift in Sources */ = {isa = PBXBuildFile; fileRef = F1A2B3C4D5E6071829AABB60 /* SoccerHubViewModel.swift */; };
		F1A2B3C4D5E6071829AAC002 /* SoccerLiveViewModel.swift in Sources */ = {isa = PBXBuildFile; fileRef = F1A2B3C4D5E6071829AABB62 /* SoccerLiveViewModel.swift */; };
		F1A2B3C4D5E6071829AABBDD /* SoccerHubView.swift in Sources */ = {isa = PBXBuildFile; fileRef = F1A2B3C4D5E6071829AABBCC /* SoccerHubView.swift */; };
		F1A2B3C4D5E6071829AABBFF /* SoccerLiveView.swift in Sources */ = {isa = PBXBuildFile; fileRef = F1A2B3C4D5E6071829AABBEE /* SoccerLiveView.swift */; };
		AA44BC00DEADBEEF00003001 /* NFLDraftView.swift in Sources */ = {isa = PBXBuildFile; fileRef = AA44BC00DEADBEEF00003000 /* NFLDraftView.swift */; };
		AA44BC00DEADBEEF00004001 /* NFLDraftViewModel.swift in Sources */ = {isa = PBXBuildFile; fileRef = AA44BC00DEADBEEF00004000 /* NFLDraftViewModel.swift */; };
		F2A3B4C5D6E707182AABB001 /* TheBenchView.swift in Sources */ = {isa = PBXBuildFile; fileRef = F2A3B4C5D6E707182AABB002 /* TheBenchView.swift */; };
		B7E1A2C3D4F60718AABB0012 /* StrikeZoneBenchView.swift in Sources */ = {isa = PBXBuildFile; fileRef = B7E1A2C3D4F60718AABB0011 /* StrikeZoneBenchView.swift */; };
		F2A3B4C5D6E707182AABB003 /* SoccerPitchTourView.swift in Sources */ = {isa = PBXBuildFile; fileRef = F2A3B4C5D6E707182AABB004 /* SoccerPitchTourView.swift */; };
		B6D69EB294E291DC424699E8 /* Sport.swift in Sources */ = {isa = PBXBuildFile; fileRef = 069ACD1D5C73DAD2A7D76927 /* Sport.swift */; };
		01F165A66E134B43B32E555E /* HomeViewModel.swift in Sources */ = {isa = PBXBuildFile; fileRef = 5BDE24A5DBC44A389A1D48E6 /* HomeViewModel.swift */; };
		20E58D065E1B426F87A7F45A /* GameDetailViewModel.swift in Sources */ = {isa = PBXBuildFile; fileRef = 878E5FA6B68741A89C003700 /* GameDetailViewModel.swift */; };
		94B1F87FA4FD454FB9799E70 /* ErrorStateView.swift in Sources */ = {isa = PBXBuildFile; fileRef = 2D88C436EAEA433BB9699F15 /* ErrorStateView.swift */; };
		B746C2D72B31CABAB14A8A32 /* GameDetailView.swift in Sources */ = {isa = PBXBuildFile; fileRef = DD62F7905FFCDC5D2AA616FB /* GameDetailView.swift */; };
		B7F18A6B46B91155BE6DE856 /* FieldAudioEngine.swift in Sources */ = {isa = PBXBuildFile; fileRef = 403903D8B1E6F2AE0AC92E30 /* FieldAudioEngine.swift */; };
		B85E0B110964AD140C6CA5C7 /* StandingsViewModel.swift in Sources */ = {isa = PBXBuildFile; fileRef = D3E43F7CCDE27769D46915D8 /* StandingsViewModel.swift */; };
		BAC55B44D2DD6AFAC014F6B5 /* StatisticsViewModel.swift in Sources */ = {isa = PBXBuildFile; fileRef = 170934144144BFF79BD8E765 /* StatisticsViewModel.swift */; };
		BC4CAE67D1B91E0DD0EF8F48 /* AppSettings.swift in Sources */ = {isa = PBXBuildFile; fileRef = 8AA9D3C2F2CF69EA0F2C44FC /* AppSettings.swift */; };
		C95B57CC27DD8C19A2979B32 /* StandingsView.swift in Sources */ = {isa = PBXBuildFile; fileRef = 95F96BD2C7E1B5D0F0EC4DE8 /* StandingsView.swift */; };
		D0297E190F614EB1BB6ADA63 /* StatisticsView.swift in Sources */ = {isa = PBXBuildFile; fileRef = 67992CF671BB379D522254C7 /* StatisticsView.swift */; };
		E12FF86C82FDE425DE041439 /* LiveScoresView.swift in Sources */ = {isa = PBXBuildFile; fileRef = 3A041149D09737E052D28AFD /* LiveScoresView.swift */; };
		E7F872A849B24BEFC94A4B28 /* HockeyRinkTourView.swift in Sources */ = {isa = PBXBuildFile; fileRef = 45E2F040B783E6BBEE950FD5 /* HockeyRinkTourView.swift */; };
		EC7138C39AF0542F702095B6 /* PitchAudioEngine.swift in Sources */ = {isa = PBXBuildFile; fileRef = F659A5D114F5225EE0FE626D /* PitchAudioEngine.swift */; };
		EDF2DE37CADCCD46B40AB0AB /* DataTableView.swift in Sources */ = {isa = PBXBuildFile; fileRef = DB9F89C51E04B48DBF663845 /* DataTableView.swift */; };
		F0325420BCF8E453528C1728 /* BaseballFieldTourView.swift in Sources */ = {isa = PBXBuildFile; fileRef = 93169AB8FB73DA57C45D0C7A /* BaseballFieldTourView.swift */; };
		F8BF3E6E1722253CFF729BD8 /* PollsView.swift in Sources */ = {isa = PBXBuildFile; fileRef = BDDD36E16EA39ADB21259034 /* PollsView.swift */; };
		A1B2C3D4E5F6071829AABB12 /* GolfAPIModels.swift in Sources */ = {isa = PBXBuildFile; fileRef = A1B2C3D4E5F6071829AABB11 /* GolfAPIModels.swift */; };
		A1B2C3D4E5F6071829AABB22 /* Golf.swift in Sources */ = {isa = PBXBuildFile; fileRef = A1B2C3D4E5F6071829AABB21 /* Golf.swift */; };
		A1B2C3D4E5F6071829AABB32 /* GolfViewModel.swift in Sources */ = {isa = PBXBuildFile; fileRef = A1B2C3D4E5F6071829AABB31 /* GolfViewModel.swift */; };
		A1B2C3D4E5F6071829AABB42 /* GolfLeaderboardView.swift in Sources */ = {isa = PBXBuildFile; fileRef = A1B2C3D4E5F6071829AABB41 /* GolfLeaderboardView.swift */; };
		A1B2C3D4E5F6071829AABB52 /* GolfScheduleView.swift in Sources */ = {isa = PBXBuildFile; fileRef = A1B2C3D4E5F6071829AABB51 /* GolfScheduleView.swift */; };
		A1B2C3D4E5F6071829AABB62 /* GolfLeagueView.swift in Sources */ = {isa = PBXBuildFile; fileRef = A1B2C3D4E5F6071829AABB61 /* GolfLeagueView.swift */; };
		A1B2C3D4E5F6071829AABB72 /* GolfHubView.swift in Sources */ = {isa = PBXBuildFile; fileRef = A1B2C3D4E5F6071829AABB71 /* GolfHubView.swift */; };
		AA44BC00DEADBEEF00005001 /* Transaction.swift in Sources */ = {isa = PBXBuildFile; fileRef = AA44BC00DEADBEEF00005000 /* Transaction.swift */; };
		AA44BC00DEADBEEF00006001 /* TransactionViewModel.swift in Sources */ = {isa = PBXBuildFile; fileRef = AA44BC00DEADBEEF00006000 /* TransactionViewModel.swift */; };
		AA44BC00DEADBEEF00007001 /* TransactionHubView.swift in Sources */ = {isa = PBXBuildFile; fileRef = AA44BC00DEADBEEF00007000 /* TransactionHubView.swift */; };
		AA44BC00DEADBEEF00008001 /* TransactionTeamPickerView.swift in Sources */ = {isa = PBXBuildFile; fileRef = AA44BC00DEADBEEF00008000 /* TransactionTeamPickerView.swift */; };
		AA44BC00DEADBEEF00009001 /* TransactionListView.swift in Sources */ = {isa = PBXBuildFile; fileRef = AA44BC00DEADBEEF00009000 /* TransactionListView.swift */; };
/* End PBXBuildFile section */

/* Begin PBXFileReference section */
		069ACD1D5C73DAD2A7D76927 /* Sport.swift */ = {isa = PBXFileReference; lastKnownFileType = sourcecode.swift; path = Sport.swift; sourceTree = "<group>"; };
		B3EFC144E52A4E08A79D3215 /* GameDetails.swift */ = {isa = PBXFileReference; lastKnownFileType = sourcecode.swift; path = GameDetails.swift; sourceTree = "<group>"; };
		70D3777E39C54AF89E5D371D /* ESPNAPIResponseModels.swift */ = {isa = PBXFileReference; lastKnownFileType = sourcecode.swift; path = ESPNAPIResponseModels.swift; sourceTree = "<group>"; };
		AA44BC00DEADBEEF00002000 /* Draft.swift */ = {isa = PBXFileReference; lastKnownFileType = sourcecode.swift; path = Draft.swift; sourceTree = "<group>"; };
		08AB11969A6D49301493C976 /* Game.swift */ = {isa = PBXFileReference; lastKnownFileType = sourcecode.swift; path = Game.swift; sourceTree = "<group>"; };
		730BF6E5A4FF66C7DF52BCC3 /* TouchTourAnnouncementService.swift */ = {isa = PBXFileReference; lastKnownFileType = sourcecode.swift; path = TouchTourAnnouncementService.swift; sourceTree = "<group>"; };
		170934144144BFF79BD8E765 /* StatisticsViewModel.swift */ = {isa = PBXFileReference; lastKnownFileType = sourcecode.swift; path = StatisticsViewModel.swift; sourceTree = "<group>"; };
		1C3E87CD273A22E278284964 /* SportsScores.app */ = {isa = PBXFileReference; includeInIndex = 0; lastKnownFileType = wrapper.application; path = SportsScores.app; sourceTree = BUILT_PRODUCTS_DIR; };
		1CEE4CE2353099109FF62D72 /* DivisionMapper.swift */ = {isa = PBXFileReference; lastKnownFileType = sourcecode.swift; path = DivisionMapper.swift; sourceTree = "<group>"; };
		1F02454A9066804EF35F956A /* ViewMode.swift */ = {isa = PBXFileReference; lastKnownFileType = sourcecode.swift; path = ViewMode.swift; sourceTree = "<group>"; };
		21AFFA6521B030C9D6A32C28 /* ESPNAPIService.swift */ = {isa = PBXFileReference; lastKnownFileType = sourcecode.swift; path = ESPNAPIService.swift; sourceTree = "<group>"; };
		2C6754243E2E05857C78D223 /* LiveScoresViewModel.swift */ = {isa = PBXFileReference; lastKnownFileType = sourcecode.swift; path = LiveScoresViewModel.swift; sourceTree = "<group>"; };
		F1A2B3C4D5E6071829AABB60 /* SoccerHubViewModel.swift */ = {isa = PBXFileReference; lastKnownFileType = sourcecode.swift; path = SoccerHubViewModel.swift; sourceTree = "<group>"; };
		F1A2B3C4D5E6071829AABB62 /* SoccerLiveViewModel.swift */ = {isa = PBXFileReference; lastKnownFileType = sourcecode.swift; path = SoccerLiveViewModel.swift; sourceTree = "<group>"; };
		F1A2B3C4D5E6071829AABBCC /* SoccerHubView.swift */ = {isa = PBXFileReference; lastKnownFileType = sourcecode.swift; path = SoccerHubView.swift; sourceTree = "<group>"; };
		F1A2B3C4D5E6071829AABBEE /* SoccerLiveView.swift */ = {isa = PBXFileReference; lastKnownFileType = sourcecode.swift; path = SoccerLiveView.swift; sourceTree = "<group>"; };
		AA44BC00DEADBEEF00003000 /* NFLDraftView.swift */ = {isa = PBXFileReference; lastKnownFileType = sourcecode.swift; path = NFLDraftView.swift; sourceTree = "<group>"; };
		AA44BC00DEADBEEF00004000 /* NFLDraftViewModel.swift */ = {isa = PBXFileReference; lastKnownFileType = sourcecode.swift; path = NFLDraftViewModel.swift; sourceTree = "<group>"; };
		F2A3B4C5D6E707182AABB002 /* TheBenchView.swift */ = {isa = PBXFileReference; lastKnownFileType = sourcecode.swift; path = TheBenchView.swift; sourceTree = "<group>"; };
		B7E1A2C3D4F60718AABB0011 /* StrikeZoneBenchView.swift */ = {isa = PBXFileReference; lastKnownFileType = sourcecode.swift; path = StrikeZoneBenchView.swift; sourceTree = "<group>"; };
		F2A3B4C5D6E707182AABB004 /* SoccerPitchTourView.swift */ = {isa = PBXFileReference; lastKnownFileType = sourcecode.swift; path = SoccerPitchTourView.swift; sourceTree = "<group>"; };
		A1B2C3D4E5F6071829AABB11 /* GolfAPIModels.swift */ = {isa = PBXFileReference; lastKnownFileType = sourcecode.swift; path = GolfAPIModels.swift; sourceTree = "<group>"; };
		A1B2C3D4E5F6071829AABB21 /* Golf.swift */ = {isa = PBXFileReference; lastKnownFileType = sourcecode.swift; path = Golf.swift; sourceTree = "<group>"; };
		A1B2C3D4E5F6071829AABB31 /* GolfViewModel.swift */ = {isa = PBXFileReference; lastKnownFileType = sourcecode.swift; path = GolfViewModel.swift; sourceTree = "<group>"; };
		A1B2C3D4E5F6071829AABB41 /* GolfLeaderboardView.swift */ = {isa = PBXFileReference; lastKnownFileType = sourcecode.swift; path = GolfLeaderboardView.swift; sourceTree = "<group>"; };
		A1B2C3D4E5F6071829AABB51 /* GolfScheduleView.swift */ = {isa = PBXFileReference; lastKnownFileType = sourcecode.swift; path = GolfScheduleView.swift; sourceTree = "<group>"; };
		A1B2C3D4E5F6071829AABB61 /* GolfLeagueView.swift */ = {isa = PBXFileReference; lastKnownFileType = sourcecode.swift; path = GolfLeagueView.swift; sourceTree = "<group>"; };
		A1B2C3D4E5F6071829AABB71 /* GolfHubView.swift */ = {isa = PBXFileReference; lastKnownFileType = sourcecode.swift; path = GolfHubView.swift; sourceTree = "<group>"; };
		AA44BC00DEADBEEF00005000 /* Transaction.swift */ = {isa = PBXFileReference; lastKnownFileType = sourcecode.swift; path = Transaction.swift; sourceTree = "<group>"; };
		AA44BC00DEADBEEF00006000 /* TransactionViewModel.swift */ = {isa = PBXFileReference; lastKnownFileType = sourcecode.swift; path = TransactionViewModel.swift; sourceTree = "<group>"; };
		AA44BC00DEADBEEF00007000 /* TransactionHubView.swift */ = {isa = PBXFileReference; lastKnownFileType = sourcecode.swift; path = TransactionHubView.swift; sourceTree = "<group>"; };
		AA44BC00DEADBEEF00008000 /* TransactionTeamPickerView.swift */ = {isa = PBXFileReference; lastKnownFileType = sourcecode.swift; path = TransactionTeamPickerView.swift; sourceTree = "<group>"; };
		AA44BC00DEADBEEF00009000 /* TransactionListView.swift */ = {isa = PBXFileReference; lastKnownFileType = sourcecode.swift; path = TransactionListView.swift; sourceTree = "<group>"; };
		2F730ED25EF184C36C9EEC13 /* Standings.swift */ = {isa = PBXFileReference; lastKnownFileType = sourcecode.swift; path = Standings.swift; sourceTree = "<group>"; };
		3A041149D09737E052D28AFD /* LiveScoresView.swift */ = {isa = PBXFileReference; lastKnownFileType = sourcecode.swift; path = LiveScoresView.swift; sourceTree = "<group>"; };
		3C2563CBCB32601D5263CEEF /* News.swift */ = {isa = PBXFileReference; lastKnownFileType = sourcecode.swift; path = News.swift; sourceTree = "<group>"; };
		3C463E72CBDDDA80C63C8952 /* PitchZoneExplorerView.swift */ = {isa = PBXFileReference; lastKnownFileType = sourcecode.swift; path = PitchZoneExplorerView.swift; sourceTree = "<group>"; };
		403903D8B1E6F2AE0AC92E30 /* FieldAudioEngine.swift */ = {isa = PBXFileReference; lastKnownFileType = sourcecode.swift; path = FieldAudioEngine.swift; sourceTree = "<group>"; };
		45E2F040B783E6BBEE950FD5 /* HockeyRinkTourView.swift */ = {isa = PBXFileReference; lastKnownFileType = sourcecode.swift; path = HockeyRinkTourView.swift; sourceTree = "<group>"; };
		5B7A3E63F22E1898869FDC94 /* TeamScheduleView.swift */ = {isa = PBXFileReference; lastKnownFileType = sourcecode.swift; path = TeamScheduleView.swift; sourceTree = "<group>"; };
		5B9633ED3A95DF8C72813B8D /* BasketballCourtTourView.swift */ = {isa = PBXFileReference; lastKnownFileType = sourcecode.swift; path = BasketballCourtTourView.swift; sourceTree = "<group>"; };
		5C7235DC0E2395602DD8FA74 /* ContentView.swift */ = {isa = PBXFileReference; lastKnownFileType = sourcecode.swift; path = ContentView.swift; sourceTree = "<group>"; };
		5DB8AE94C204A50146E9F867 /* BoxScoreView.swift */ = {isa = PBXFileReference; lastKnownFileType = sourcecode.swift; path = BoxScoreView.swift; sourceTree = "<group>"; };
		609CEBC16C71EE0B9BC17BD7 /* ScoresView.swift */ = {isa = PBXFileReference; lastKnownFileType = sourcecode.swift; path = ScoresView.swift; sourceTree = "<group>"; };
		62F4C1D901EF7B90EED9E637 /* FootballFieldTourView.swift */ = {isa = PBXFileReference; lastKnownFileType = sourcecode.swift; path = FootballFieldTourView.swift; sourceTree = "<group>"; };
		636254F8AA33A59EC7DE9718 /* Assets.xcassets */ = {isa = PBXFileReference; lastKnownFileType = folder.assetcatalog; path = Assets.xcassets; sourceTree = "<group>"; };
		67992CF671BB379D522254C7 /* StatisticsView.swift */ = {isa = PBXFileReference; lastKnownFileType = sourcecode.swift; path = StatisticsView.swift; sourceTree = "<group>"; };
		730BF6E5A4FF66C7DF52BCC2 /* PlaysView.swift */ = {isa = PBXFileReference; lastKnownFileType = sourcecode.swift; path = PlaysView.swift; sourceTree = "<group>"; };
		797D09AB2E8244D9B87B18DD /* DatePickerView.swift */ = {isa = PBXFileReference; lastKnownFileType = sourcecode.swift; path = DatePickerView.swift; sourceTree = "<group>"; };
		8AA9D3C2F2CF69EA0F2C44FC /* AppSettings.swift */ = {isa = PBXFileReference; lastKnownFileType = sourcecode.swift; path = AppSettings.swift; sourceTree = "<group>"; };
		8B5D54CA4176A888905B0A8B /* SettingsView.swift */ = {isa = PBXFileReference; lastKnownFileType = sourcecode.swift; path = SettingsView.swift; sourceTree = "<group>"; };
		8CEB663233BEB6B8AC40C34A /* Schedule.swift */ = {isa = PBXFileReference; lastKnownFileType = sourcecode.swift; path = Schedule.swift; sourceTree = "<group>"; };			AA44BC00DEADBEEF00001000 /* SeasonCalendar.swift */ = {isa = PBXFileReference; lastKnownFileType = sourcecode.swift; path = SeasonCalendar.swift; sourceTree = "<group>"; };		915340F68BA4D0A9C2068191 /* TeamScheduleViewModel.swift */ = {isa = PBXFileReference; lastKnownFileType = sourcecode.swift; path = TeamScheduleViewModel.swift; sourceTree = "<group>"; };
		93169AB8FB73DA57C45D0C7A /* BaseballFieldTourView.swift */ = {isa = PBXFileReference; lastKnownFileType = sourcecode.swift; path = BaseballFieldTourView.swift; sourceTree = "<group>"; };
		95F96BD2C7E1B5D0F0EC4DE8 /* StandingsView.swift */ = {isa = PBXFileReference; lastKnownFileType = sourcecode.swift; path = StandingsView.swift; sourceTree = "<group>"; };
		9AAC57811BB4C42BC2619656 /* TeamNamePreference.swift */ = {isa = PBXFileReference; lastKnownFileType = sourcecode.swift; path = TeamNamePreference.swift; sourceTree = "<group>"; };
		9CF458B8B4585D69E60DA8FF /* SportsScoresApp.swift */ = {isa = PBXFileReference; lastKnownFileType = sourcecode.swift; path = SportsScoresApp.swift; sourceTree = "<group>"; };
		AA74734FB552A44C1F62E3C7 /* SportSelectionView.swift */ = {isa = PBXFileReference; lastKnownFileType = sourcecode.swift; path = SportSelectionView.swift; sourceTree = "<group>"; };
		AD66FC8613BE001BF933296A /* PitchMapView.swift */ = {isa = PBXFileReference; lastKnownFileType = sourcecode.swift; path = PitchMapView.swift; sourceTree = "<group>"; };
		BAB026ED5A307D8628CB7D79 /* PollsViewModel.swift */ = {isa = PBXFileReference; lastKnownFileType = sourcecode.swift; path = PollsViewModel.swift; sourceTree = "<group>"; };
		BDDD36E16EA39ADB21259034 /* PollsView.swift */ = {isa = PBXFileReference; lastKnownFileType = sourcecode.swift; path = PollsView.swift; sourceTree = "<group>"; };
		BDEC309880AB2ADBB9696E41 /* ScoresViewModel.swift */ = {isa = PBXFileReference; lastKnownFileType = sourcecode.swift; path = ScoresViewModel.swift; sourceTree = "<group>"; };
		C54D54E4F45E8D6A098DFF0B /* StadiumGeometry.swift */ = {isa = PBXFileReference; lastKnownFileType = sourcecode.swift; path = StadiumGeometry.swift; sourceTree = "<group>"; };
		CA03F672A5EA237BD26D7267 /* AccessibleTableBridge.swift */ = {isa = PBXFileReference; lastKnownFileType = sourcecode.swift; path = AccessibleTableBridge.swift; sourceTree = "<group>"; };
		D140CFB6388D35A8A6DAA98A /* VenueToursView.swift */ = {isa = PBXFileReference; lastKnownFileType = sourcecode.swift; path = VenueToursView.swift; sourceTree = "<group>"; };
		D3E43F7CCDE27769D46915D8 /* StandingsViewModel.swift */ = {isa = PBXFileReference; lastKnownFileType = sourcecode.swift; path = StandingsViewModel.swift; sourceTree = "<group>"; };
		DB9F89C51E04B48DBF663845 /* DataTableView.swift */ = {isa = PBXFileReference; lastKnownFileType = sourcecode.swift; path = DataTableView.swift; sourceTree = "<group>"; };
		5BDE24A5DBC44A389A1D48E6 /* HomeViewModel.swift */ = {isa = PBXFileReference; lastKnownFileType = sourcecode.swift; path = HomeViewModel.swift; sourceTree = "<group>"; };
		2D88C436EAEA433BB9699F15 /* ErrorStateView.swift */ = {isa = PBXFileReference; lastKnownFileType = sourcecode.swift; path = ErrorStateView.swift; sourceTree = "<group>"; };
		878E5FA6B68741A89C003700 /* GameDetailViewModel.swift */ = {isa = PBXFileReference; lastKnownFileType = sourcecode.swift; path = GameDetailViewModel.swift; sourceTree = "<group>"; };
		DD62F7905FFCDC5D2AA616FB /* GameDetailView.swift */ = {isa = PBXFileReference; lastKnownFileType = sourcecode.swift; path = GameDetailView.swift; sourceTree = "<group>"; };
		E5A708A7622868D80A976423 /* NewsViewModel.swift */ = {isa = PBXFileReference; lastKnownFileType = sourcecode.swift; path = NewsViewModel.swift; sourceTree = "<group>"; };
		EE41AFE532E985B250D0D3BE /* NewsView.swift */ = {isa = PBXFileReference; lastKnownFileType = sourcecode.swift; path = NewsView.swift; sourceTree = "<group>"; };
		F659A5D114F5225EE0FE626D /* PitchAudioEngine.swift */ = {isa = PBXFileReference; lastKnownFileType = sourcecode.swift; path = PitchAudioEngine.swift; sourceTree = "<group>"; };
/* End PBXFileReference section */

/* Begin PBXGroup section */
		19CD8D9F1CDE9B2008BF5830 /* Components */ = {
			isa = PBXGroup;
			children = (
				CA03F672A5EA237BD26D7267 /* AccessibleTableBridge.swift */,
				DB9F89C51E04B48DBF663845 /* DataTableView.swift */,
				2D88C436EAEA433BB9699F15 /* ErrorStateView.swift */,
			);
			path = Components;
			sourceTree = "<group>";
		};
		4B5ACE5559FE27B1DAAD2641 /* Settings */ = {
			isa = PBXGroup;
			children = (
				8AA9D3C2F2CF69EA0F2C44FC /* AppSettings.swift */,
				9AAC57811BB4C42BC2619656 /* TeamNamePreference.swift */,
			);
			path = Settings;
			sourceTree = "<group>";
		};
		54867646532A3C9485982939 /* Utilities */ = {
			isa = PBXGroup;
			children = (
				1F02454A9066804EF35F956A /* ViewMode.swift */,
			);
			path = Utilities;
			sourceTree = "<group>";
		};
		5C964A0DD2A0F964971A44B5 /* Services */ = {
			isa = PBXGroup;
			children = (
				21AFFA6521B030C9D6A32C28 /* ESPNAPIService.swift */,
				403903D8B1E6F2AE0AC92E30 /* FieldAudioEngine.swift */,
				F659A5D114F5225EE0FE626D /* PitchAudioEngine.swift */,
				730BF6E5A4FF66C7DF52BCC3 /* TouchTourAnnouncementService.swift */,
			);
			path = Services;
			sourceTree = "<group>";
		};
		75CA8C28B9D39AAE47A61FBF /* Products */ = {
			isa = PBXGroup;
			children = (
				1C3E87CD273A22E278284964 /* SportsScores.app */,
			);
			name = Products;
			sourceTree = "<group>";
		};
		93F89AD5194F005298C2DA73 /* SportsScores */ = {
			isa = PBXGroup;
			children = (
				636254F8AA33A59EC7DE9718 /* Assets.xcassets */,
				5C7235DC0E2395602DD8FA74 /* ContentView.swift */,
				9CF458B8B4585D69E60DA8FF /* SportsScoresApp.swift */,
				F1FF975028D1D628A08F6E2C /* Models */,
				5C964A0DD2A0F964971A44B5 /* Services */,
				4B5ACE5559FE27B1DAAD2641 /* Settings */,
				54867646532A3C9485982939 /* Utilities */,
				9F98C5D1BD0977A262C48E87 /* ViewModels */,
				B999BF77AA5A87F134EEB291 /* Views */,
			);
			path = SportsScores;
			sourceTree = "<group>";
		};
		9F98C5D1BD0977A262C48E87 /* ViewModels */ = {
			isa = PBXGroup;
			children = (
				878E5FA6B68741A89C003700 /* GameDetailViewModel.swift */,
				5BDE24A5DBC44A389A1D48E6 /* HomeViewModel.swift */,
				2C6754243E2E05857C78D223 /* LiveScoresViewModel.swift */,
				F1A2B3C4D5E6071829AABB60 /* SoccerHubViewModel.swift */,
				F1A2B3C4D5E6071829AABB62 /* SoccerLiveViewModel.swift */,
				E5A708A7622868D80A976423 /* NewsViewModel.swift */,
				BAB026ED5A307D8628CB7D79 /* PollsViewModel.swift */,
				BDEC309880AB2ADBB9696E41 /* ScoresViewModel.swift */,
				D3E43F7CCDE27769D46915D8 /* StandingsViewModel.swift */,
				170934144144BFF79BD8E765 /* StatisticsViewModel.swift */,
				915340F68BA4D0A9C2068191 /* TeamScheduleViewModel.swift */,
				AA44BC00DEADBEEF00004000 /* NFLDraftViewModel.swift */,
				A1B2C3D4E5F6071829AABB31 /* GolfViewModel.swift */,
				AA44BC00DEADBEEF00006000 /* TransactionViewModel.swift */,
			);
			path = ViewModels;
			sourceTree = "<group>";
		};
		B999BF77AA5A87F134EEB291 /* Views */ = {
			isa = PBXGroup;
			children = (
				93169AB8FB73DA57C45D0C7A /* BaseballFieldTourView.swift */,
				5B9633ED3A95DF8C72813B8D /* BasketballCourtTourView.swift */,
				5DB8AE94C204A50146E9F867 /* BoxScoreView.swift */,
				797D09AB2E8244D9B87B18DD /* DatePickerView.swift */,
				62F4C1D901EF7B90EED9E637 /* FootballFieldTourView.swift */,
				DD62F7905FFCDC5D2AA616FB /* GameDetailView.swift */,
				45E2F040B783E6BBEE950FD5 /* HockeyRinkTourView.swift */,
				3A041149D09737E052D28AFD /* LiveScoresView.swift */,
				EE41AFE532E985B250D0D3BE /* NewsView.swift */,
				AD66FC8613BE001BF933296A /* PitchMapView.swift */,
				3C463E72CBDDDA80C63C8952 /* PitchZoneExplorerView.swift */,
				730BF6E5A4FF66C7DF52BCC2 /* PlaysView.swift */,
				BDDD36E16EA39ADB21259034 /* PollsView.swift */,
				609CEBC16C71EE0B9BC17BD7 /* ScoresView.swift */,
				8B5D54CA4176A888905B0A8B /* SettingsView.swift */,
				AA74734FB552A44C1F62E3C7 /* SportSelectionView.swift */,
				F1A2B3C4D5E6071829AABBCC /* SoccerHubView.swift */,
				F1A2B3C4D5E6071829AABBEE /* SoccerLiveView.swift */,
				F2A3B4C5D6E707182AABB002 /* TheBenchView.swift */,
				AA44BC00DEADBEEF00003000 /* NFLDraftView.swift */,
				B7E1A2C3D4F60718AABB0011 /* StrikeZoneBenchView.swift */,
				F2A3B4C5D6E707182AABB004 /* SoccerPitchTourView.swift */,
				A1B2C3D4E5F6071829AABB41 /* GolfLeaderboardView.swift */,
				A1B2C3D4E5F6071829AABB51 /* GolfScheduleView.swift */,
				A1B2C3D4E5F6071829AABB61 /* GolfLeagueView.swift */,
				A1B2C3D4E5F6071829AABB71 /* GolfHubView.swift */,
				AA44BC00DEADBEEF00007000 /* TransactionHubView.swift */,
				AA44BC00DEADBEEF00008000 /* TransactionTeamPickerView.swift */,
				AA44BC00DEADBEEF00009000 /* TransactionListView.swift */,
				95F96BD2C7E1B5D0F0EC4DE8 /* StandingsView.swift */,
				67992CF671BB379D522254C7 /* StatisticsView.swift */,
				5B7A3E63F22E1898869FDC94 /* TeamScheduleView.swift */,
				D140CFB6388D35A8A6DAA98A /* VenueToursView.swift */,
				19CD8D9F1CDE9B2008BF5830 /* Components */,
			);
			path = Views;
			sourceTree = "<group>";
		};
		D0FD2DA0DFF7C8B54F8F3DD8 = {
			isa = PBXGroup;
			children = (
				93F89AD5194F005298C2DA73 /* SportsScores */,
				75CA8C28B9D39AAE47A61FBF /* Products */,
			);
			sourceTree = "<group>";
		};
		F1FF975028D1D628A08F6E2C /* Models */ = {
			isa = PBXGroup;
			children = (
				1CEE4CE2353099109FF62D72 /* DivisionMapper.swift */,
				B3EFC144E52A4E08A79D3215 /* GameDetails.swift */,
				70D3777E39C54AF89E5D371D /* ESPNAPIResponseModels.swift */,
				AA44BC00DEADBEEF00002000 /* Draft.swift */,
				08AB11969A6D49301493C976 /* Game.swift */,
				3C2563CBCB32601D5263CEEF /* News.swift */,
				8CEB663233BEB6B8AC40C34A /* Schedule.swift */,
				AA44BC00DEADBEEF00001000 /* SeasonCalendar.swift */,
				069ACD1D5C73DAD2A7D76927 /* Sport.swift */,
				C54D54E4F45E8D6A098DFF0B /* StadiumGeometry.swift */,
				2F730ED25EF184C36C9EEC13 /* Standings.swift */,
				A1B2C3D4E5F6071829AABB11 /* GolfAPIModels.swift */,
				A1B2C3D4E5F6071829AABB21 /* Golf.swift */,
				AA44BC00DEADBEEF00005000 /* Transaction.swift */,
			);
			path = Models;
			sourceTree = "<group>";
		};
/* End PBXGroup section */

/* Begin PBXNativeTarget section */
		A9B008DFCA169D8E9BF1FAEE /* SportsScores */ = {
			isa = PBXNativeTarget;
			buildConfigurationList = F0061743BD17149CB0D34A36 /* Build configuration list for PBXNativeTarget "SportsScores" */;
			buildPhases = (
				B01D79E877D1BEB9DB80AECC /* Sources */,
				55D09A181A37C27B18CC72F9 /* Resources */,
			);
			buildRules = (
			);
			dependencies = (
			);
			name = SportsScores;
			packageProductDependencies = (
			);
			productName = SportsScores;
			productReference = 1C3E87CD273A22E278284964 /* SportsScores.app */;
			productType = "com.apple.product-type.application";
		};
/* End PBXNativeTarget section */

/* Begin PBXProject section */
		76E19A7D39715887A61C957C /* Project object */ = {
			isa = PBXProject;
			attributes = {
				BuildIndependentTargetsInParallel = YES;
				LastUpgradeCheck = 1430;
				TargetAttributes = {
					A9B008DFCA169D8E9BF1FAEE = {
						DevelopmentTeam = P887QF74N8;
						ProvisioningStyle = Automatic;
					};
				};
			};
			buildConfigurationList = 850FEF3B5DECC6C82CB83CC7 /* Build configuration list for PBXProject "SportsScores" */;
			compatibilityVersion = "Xcode 14.0";
			developmentRegion = en;
			hasScannedForEncodings = 0;
			knownRegions = (
				Base,
				en,
			);
			mainGroup = D0FD2DA0DFF7C8B54F8F3DD8;
			minimizedProjectReferenceProxies = 1;
			preferredProjectObjectVersion = 77;
			projectDirPath = "";
			projectRoot = "";
			targets = (
				A9B008DFCA169D8E9BF1FAEE /* SportsScores */,
			);
		};
/* End PBXProject section */

/* Begin PBXResourcesBuildPhase section */
		55D09A181A37C27B18CC72F9 /* Resources */ = {
			isa = PBXResourcesBuildPhase;
			buildActionMask = 2147483647;
			files = (
				A40265BD5D3531D5A2DBC7CE /* Assets.xcassets in Resources */,
			);
			runOnlyForDeploymentPostprocessing = 0;
		};
/* End PBXResourcesBuildPhase section */

/* Begin PBXSourcesBuildPhase section */
		B01D79E877D1BEB9DB80AECC /* Sources */ = {
			isa = PBXSourcesBuildPhase;
			buildActionMask = 2147483647;
			files = (
				71558223E4B1963628A115D5 /* AccessibleTableBridge.swift in Sources */,
				BC4CAE67D1B91E0DD0EF8F48 /* AppSettings.swift in Sources */,
				F0325420BCF8E453528C1728 /* BaseballFieldTourView.swift in Sources */,
				7FE49CE6841F2741FB6D9993 /* BasketballCourtTourView.swift in Sources */,
				4EBA8B3274D13D19014A34C4 /* BoxScoreView.swift in Sources */,
				66941444CDF6D80C2263573F /* ContentView.swift in Sources */,
				EDF2DE37CADCCD46B40AB0AB /* DataTableView.swift in Sources */,
				898FBB6809528DF5A40939BE /* DatePickerView.swift in Sources */,
				513083EA6C93ED8413B1C342 /* DivisionMapper.swift in Sources */,
				8A2691FFB0CCF34A4FCF39AE /* ESPNAPIService.swift in Sources */,
				B7F18A6B46B91155BE6DE856 /* FieldAudioEngine.swift in Sources */,
				39FB1132256178B6106EA884 /* FootballFieldTourView.swift in Sources */,
				5207A68ACEDF4B39AE17EAC3 /* GameDetails.swift in Sources */,
				6AA11FE748A64C8F80FFEA4B /* ESPNAPIResponseModels.swift in Sources */,
				AA44BC00DEADBEEF00002001 /* Draft.swift in Sources */,
				67AE8DCB8DE650FF5D655562 /* Game.swift in Sources */,
				20E58D065E1B426F87A7F45A /* GameDetailViewModel.swift in Sources */,
				01F165A66E134B43B32E555E /* HomeViewModel.swift in Sources */,
				94B1F87FA4FD454FB9799E70 /* ErrorStateView.swift in Sources */,
				B746C2D72B31CABAB14A8A32 /* GameDetailView.swift in Sources */,
				E7F872A849B24BEFC94A4B28 /* HockeyRinkTourView.swift in Sources */,
				E12FF86C82FDE425DE041439 /* LiveScoresView.swift in Sources */,
				B54A3C6BF8F49A420AE8B5A6 /* LiveScoresViewModel.swift in Sources */,
				F1A2B3C4D5E6071829AAC001 /* SoccerHubViewModel.swift in Sources */,
				F1A2B3C4D5E6071829AAC002 /* SoccerLiveViewModel.swift in Sources */,
				F1A2B3C4D5E6071829AABBDD /* SoccerHubView.swift in Sources */,
				F1A2B3C4D5E6071829AABBFF /* SoccerLiveView.swift in Sources */,
				F2A3B4C5D6E707182AABB001 /* TheBenchView.swift in Sources */,
				AA44BC00DEADBEEF00003001 /* NFLDraftView.swift in Sources */,
				B7E1A2C3D4F60718AABB0012 /* StrikeZoneBenchView.swift in Sources */,
				F2A3B4C5D6E707182AABB003 /* SoccerPitchTourView.swift in Sources */,
				A1B2C3D4E5F6071829AABB12 /* GolfAPIModels.swift in Sources */,
				A1B2C3D4E5F6071829AABB22 /* Golf.swift in Sources */,
				A1B2C3D4E5F6071829AABB32 /* GolfViewModel.swift in Sources */,
				A1B2C3D4E5F6071829AABB42 /* GolfLeaderboardView.swift in Sources */,
				A1B2C3D4E5F6071829AABB52 /* GolfScheduleView.swift in Sources */,
				A1B2C3D4E5F6071829AABB62 /* GolfLeagueView.swift in Sources */,
				A1B2C3D4E5F6071829AABB72 /* GolfHubView.swift in Sources */,
				148D279BE802BAA35FF18C92 /* News.swift in Sources */,
				B49424A188C213E59DF44F28 /* NewsView.swift in Sources */,
				AA53FCD9577528CAAD72E565 /* NewsViewModel.swift in Sources */,
				EC7138C39AF0542F702095B6 /* PitchAudioEngine.swift in Sources */,
				6C341E3F349F9C34917C0BA1 /* PitchMapView.swift in Sources */,
				3B58834BFF1C6F8E735AF6CC /* PitchZoneExplorerView.swift in Sources */,
				12D1B45EAF2BBCDCEBEB1005 /* PlaysView.swift in Sources */,
				F8BF3E6E1722253CFF729BD8 /* PollsView.swift in Sources */,
				1A468450657E6A4E5C798D40 /* PollsViewModel.swift in Sources */,
				19E3A581324D154BA8CAB60C /* Schedule.swift in Sources */,
				AA44BC00DEADBEEF00001001 /* SeasonCalendar.swift in Sources */,
				3CF5D8B7E440EC82D67DAC1F /* ScoresView.swift in Sources */,
				B4010B138E30A62510C01960 /* ScoresViewModel.swift in Sources */,
				AD2514C8D08879F4B4B46D8F /* SettingsView.swift in Sources */,
				B6D69EB294E291DC424699E8 /* Sport.swift in Sources */,
				7D0281DAD5661B027D351459 /* SportSelectionView.swift in Sources */,
				17DD6D3CA0A61007F2DF8FC2 /* SportsScoresApp.swift in Sources */,
				13A69BFC319671031E87986D /* StadiumGeometry.swift in Sources */,
				9D93010B54E6E1BDF2438669 /* Standings.swift in Sources */,
				C95B57CC27DD8C19A2979B32 /* StandingsView.swift in Sources */,
				B85E0B110964AD140C6CA5C7 /* StandingsViewModel.swift in Sources */,
				D0297E190F614EB1BB6ADA63 /* StatisticsView.swift in Sources */,
				BAC55B44D2DD6AFAC014F6B5 /* StatisticsViewModel.swift in Sources */,
				31603CE4AE41B5ABE907C348 /* TeamNamePreference.swift in Sources */,
				3B583CE5901CF86D24E84764 /* TeamScheduleView.swift in Sources */,
				32A6FF663F55FDB3009D64C7 /* TeamScheduleViewModel.swift in Sources */,
				AA44BC00DEADBEEF00004001 /* NFLDraftViewModel.swift in Sources */,
				12D1B45EAF2BBCDCEBEB1006 /* TouchTourAnnouncementService.swift in Sources */,
				64472E5262DAF76B2D31956D /* VenueToursView.swift in Sources */,
				537EDE5289F5FA56EDBB33E6 /* ViewMode.swift in Sources */,
				AA44BC00DEADBEEF00005001 /* Transaction.swift in Sources */,
				AA44BC00DEADBEEF00006001 /* TransactionViewModel.swift in Sources */,
				AA44BC00DEADBEEF00007001 /* TransactionHubView.swift in Sources */,
				AA44BC00DEADBEEF00008001 /* TransactionTeamPickerView.swift in Sources */,
				AA44BC00DEADBEEF00009001 /* TransactionListView.swift in Sources */,
			);
			runOnlyForDeploymentPostprocessing = 0;
		};
/* End PBXSourcesBuildPhase section */

/* Begin XCBuildConfiguration section */
		200EAE98A9BDB90D4AD71EBC /* Release */ = {
			isa = XCBuildConfiguration;
			buildSettings = {
				ASSETCATALOG_COMPILER_APPICON_NAME = AppIcon;
				ASSETCATALOG_COMPILER_GLOBAL_ACCENT_COLOR_NAME = AccentColor;
				CODE_SIGN_IDENTITY = "iPhone Developer";
				CODE_SIGN_STYLE = Automatic;
				CURRENT_PROJECT_VERSION = 9;
				DEVELOPMENT_TEAM = P887QF74N8;
				ENABLE_PREVIEWS = YES;
				GENERATE_INFOPLIST_FILE = YES;
				INFOPLIST_KEY_CFBundleDisplayName = "Sports Scores Fast";
				INFOPLIST_KEY_UIApplicationSceneManifest_Generation = YES;
				INFOPLIST_KEY_UIApplicationSupportsIndirectInputEvents = YES;
				INFOPLIST_KEY_UILaunchScreen_Generation = YES;
				INFOPLIST_KEY_UISupportedInterfaceOrientations = "UIInterfaceOrientationPortrait UIInterfaceOrientationLandscapeLeft UIInterfaceOrientationLandscapeRight";
				INFOPLIST_KEY_UISupportedInterfaceOrientations_iPad = "UIInterfaceOrientationPortrait UIInterfaceOrientationPortraitUpsideDown UIInterfaceOrientationLandscapeLeft UIInterfaceOrientationLandscapeRight";
				LD_RUNPATH_SEARCH_PATHS = (
					"$(inherited)",
					"@executable_path/Frameworks",
				);
				MARKETING_VERSION = 0.8;
				PRODUCT_BUNDLE_IDENTIFIER = com.sportsscores.app;
				SDKROOT = iphoneos;
				SUPPORTS_MACCATALYST = YES;
				SWIFT_EMIT_LOC_STRINGS = YES;
				TARGETED_DEVICE_FAMILY = "1,2";
			};
			name = Release;
		};
		80B76FF674A9FE6CA791743D /* Debug */ = {
			isa = XCBuildConfiguration;
			buildSettings = {
				ASSETCATALOG_COMPILER_APPICON_NAME = AppIcon;
				ASSETCATALOG_COMPILER_GLOBAL_ACCENT_COLOR_NAME = AccentColor;
				CODE_SIGN_IDENTITY = "iPhone Developer";
				CODE_SIGN_STYLE = Automatic;
				CURRENT_PROJECT_VERSION = 9;
				DEVELOPMENT_TEAM = P887QF74N8;
				ENABLE_PREVIEWS = YES;
				GENERATE_INFOPLIST_FILE = YES;
				INFOPLIST_KEY_CFBundleDisplayName = "Sports Scores Fast";
				INFOPLIST_KEY_UIApplicationSceneManifest_Generation = YES;
				INFOPLIST_KEY_UIApplicationSupportsIndirectInputEvents = YES;
				INFOPLIST_KEY_UILaunchScreen_Generation = YES;
				INFOPLIST_KEY_UISupportedInterfaceOrientations = "UIInterfaceOrientationPortrait UIInterfaceOrientationLandscapeLeft UIInterfaceOrientationLandscapeRight";
				INFOPLIST_KEY_UISupportedInterfaceOrientations_iPad = "UIInterfaceOrientationPortrait UIInterfaceOrientationPortraitUpsideDown UIInterfaceOrientationLandscapeLeft UIInterfaceOrientationLandscapeRight";
				LD_RUNPATH_SEARCH_PATHS = (
					"$(inherited)",
					"@executable_path/Frameworks",
				);
				MARKETING_VERSION = 0.8;
				PRODUCT_BUNDLE_IDENTIFIER = com.sportsscores.app;
				SDKROOT = iphoneos;
				SUPPORTS_MACCATALYST = YES;
				SWIFT_EMIT_LOC_STRINGS = YES;
				TARGETED_DEVICE_FAMILY = "1,2";
			};
			name = Debug;
		};
		ED5B7EE6FD35E8813B2D5FD5 /* Release */ = {
			isa = XCBuildConfiguration;
			buildSettings = {
				ALWAYS_SEARCH_USER_PATHS = NO;
				CLANG_ANALYZER_LOCALIZABILITY_NONLOCALIZED = YES;
				CLANG_ANALYZER_NONNULL = YES;
				CLANG_ANALYZER_NUMBER_OBJECT_CONVERSION = YES_AGGRESSIVE;
				CLANG_CXX_LANGUAGE_STANDARD = "gnu++14";
				CLANG_CXX_LIBRARY = "libc++";
				CLANG_ENABLE_MODULES = YES;
				CLANG_ENABLE_OBJC_ARC = YES;
				CLANG_ENABLE_OBJC_WEAK = YES;
				CLANG_WARN_BLOCK_CAPTURE_AUTORELEASING = YES;
				CLANG_WARN_BOOL_CONVERSION = YES;
				CLANG_WARN_COMMA = YES;
				CLANG_WARN_CONSTANT_CONVERSION = YES;
				CLANG_WARN_DEPRECATED_OBJC_IMPLEMENTATIONS = YES;
				CLANG_WARN_DIRECT_OBJC_ISA_USAGE = YES_ERROR;
				CLANG_WARN_DOCUMENTATION_COMMENTS = YES;
				CLANG_WARN_EMPTY_BODY = YES;
				CLANG_WARN_ENUM_CONVERSION = YES;
				CLANG_WARN_INFINITE_RECURSION = YES;
				CLANG_WARN_INT_CONVERSION = YES;
				CLANG_WARN_NON_LITERAL_NULL_CONVERSION = YES;
				CLANG_WARN_OBJC_IMPLICIT_RETAIN_SELF = YES;
				CLANG_WARN_OBJC_LITERAL_CONVERSION = YES;
				CLANG_WARN_OBJC_ROOT_CLASS = YES_ERROR;
				CLANG_WARN_QUOTED_INCLUDE_IN_FRAMEWORK_HEADER = YES;
				CLANG_WARN_RANGE_LOOP_ANALYSIS = YES;
				CLANG_WARN_STRICT_PROTOTYPES = YES;
				CLANG_WARN_SUSPICIOUS_MOVE = YES;
				CLANG_WARN_UNGUARDED_AVAILABILITY = YES_AGGRESSIVE;
				CLANG_WARN_UNREACHABLE_CODE = YES;
				CLANG_WARN__DUPLICATE_METHOD_MATCH = YES;
				COPY_PHASE_STRIP = NO;
				DEAD_CODE_STRIPPING = YES;
				DEBUG_INFORMATION_FORMAT = "dwarf-with-dsym";
				ENABLE_NS_ASSERTIONS = NO;
				ENABLE_STRICT_OBJC_MSGSEND = YES;
				ENABLE_USER_SCRIPT_SANDBOXING = YES;
				GCC_C_LANGUAGE_STANDARD = gnu11;
				GCC_NO_COMMON_BLOCKS = YES;
				GCC_WARN_64_TO_32_BIT_CONVERSION = YES;
				GCC_WARN_ABOUT_RETURN_TYPE = YES;
				GCC_WARN_UNDECLARED_SELECTOR = YES;
				GCC_WARN_UNINITIALIZED_AUTOS = YES;
				GCC_WARN_UNUSED_FUNCTION = YES;
				GCC_WARN_UNUSED_VARIABLE = YES;
				IPHONEOS_DEPLOYMENT_TARGET = 17.0;
				MACOSX_DEPLOYMENT_TARGET = 14.0;
				MTL_ENABLE_DEBUG_INFO = NO;
				MTL_FAST_MATH = YES;
				PRODUCT_NAME = SportsScores;
				SDKROOT = iphoneos;
				SWIFT_COMPILATION_MODE = wholemodule;
				SWIFT_OPTIMIZATION_LEVEL = "-O";
				SWIFT_STRICT_CONCURRENCY = minimal;
				SWIFT_VERSION = 5.9;
				TARGETED_DEVICE_FAMILY = "1,2";
			};
			name = Release;
		};
		F8CBC79BCC4F3DFCD771828E /* Debug */ = {
			isa = XCBuildConfiguration;
			buildSettings = {
				ALWAYS_SEARCH_USER_PATHS = NO;
				CLANG_ANALYZER_LOCALIZABILITY_NONLOCALIZED = YES;
				CLANG_ANALYZER_NONNULL = YES;
				CLANG_ANALYZER_NUMBER_OBJECT_CONVERSION = YES_AGGRESSIVE;
				CLANG_CXX_LANGUAGE_STANDARD = "gnu++14";
				CLANG_CXX_LIBRARY = "libc++";
				CLANG_ENABLE_MODULES = YES;
				CLANG_ENABLE_OBJC_ARC = YES;
				CLANG_ENABLE_OBJC_WEAK = YES;
				CLANG_WARN_BLOCK_CAPTURE_AUTORELEASING = YES;
				CLANG_WARN_BOOL_CONVERSION = YES;
				CLANG_WARN_COMMA = YES;
				CLANG_WARN_CONSTANT_CONVERSION = YES;
				CLANG_WARN_DEPRECATED_OBJC_IMPLEMENTATIONS = YES;
				CLANG_WARN_DIRECT_OBJC_ISA_USAGE = YES_ERROR;
				CLANG_WARN_DOCUMENTATION_COMMENTS = YES;
				CLANG_WARN_EMPTY_BODY = YES;
				CLANG_WARN_ENUM_CONVERSION = YES;
				CLANG_WARN_INFINITE_RECURSION = YES;
				CLANG_WARN_INT_CONVERSION = YES;
				CLANG_WARN_NON_LITERAL_NULL_CONVERSION = YES;
				CLANG_WARN_OBJC_IMPLICIT_RETAIN_SELF = YES;
				CLANG_WARN_OBJC_LITERAL_CONVERSION = YES;
				CLANG_WARN_OBJC_ROOT_CLASS = YES_ERROR;
				CLANG_WARN_QUOTED_INCLUDE_IN_FRAMEWORK_HEADER = YES;
				CLANG_WARN_RANGE_LOOP_ANALYSIS = YES;
				CLANG_WARN_STRICT_PROTOTYPES = YES;
				CLANG_WARN_SUSPICIOUS_MOVE = YES;
				CLANG_WARN_UNGUARDED_AVAILABILITY = YES_AGGRESSIVE;
				CLANG_WARN_UNREACHABLE_CODE = YES;
				CLANG_WARN__DUPLICATE_METHOD_MATCH = YES;
				COPY_PHASE_STRIP = NO;
				DEAD_CODE_STRIPPING = YES;
				DEBUG_INFORMATION_FORMAT = dwarf;
				ENABLE_STRICT_OBJC_MSGSEND = YES;
				ENABLE_TESTABILITY = YES;
				ENABLE_USER_SCRIPT_SANDBOXING = YES;
				GCC_C_LANGUAGE_STANDARD = gnu11;
				GCC_DYNAMIC_NO_PIC = NO;
				GCC_NO_COMMON_BLOCKS = YES;
				GCC_OPTIMIZATION_LEVEL = 0;
				GCC_PREPROCESSOR_DEFINITIONS = (
					"$(inherited)",
					"DEBUG=1",
				);
				GCC_WARN_64_TO_32_BIT_CONVERSION = YES;
				GCC_WARN_ABOUT_RETURN_TYPE = YES;
				GCC_WARN_UNDECLARED_SELECTOR = YES;
				GCC_WARN_UNINITIALIZED_AUTOS = YES;
				GCC_WARN_UNUSED_FUNCTION = YES;
				GCC_WARN_UNUSED_VARIABLE = YES;
				IPHONEOS_DEPLOYMENT_TARGET = 17.0;
				MACOSX_DEPLOYMENT_TARGET = 14.0;
				MTL_ENABLE_DEBUG_INFO = INCLUDE_SOURCE;
				MTL_FAST_MATH = YES;
				ONLY_ACTIVE_ARCH = YES;
				PRODUCT_NAME = SportsScores;
				SDKROOT = iphoneos;
				SWIFT_ACTIVE_COMPILATION_CONDITIONS = DEBUG;
				SWIFT_OPTIMIZATION_LEVEL = "-Onone";
				SWIFT_STRICT_CONCURRENCY = minimal;
				SWIFT_VERSION = 5.9;
				TARGETED_DEVICE_FAMILY = "1,2";
			};
			name = Debug;
		};
/* End XCBuildConfiguration section */

/* Begin XCConfigurationList section */
		850FEF3B5DECC6C82CB83CC7 /* Build configuration list for PBXProject "SportsScores" */ = {
			isa = XCConfigurationList;
			buildConfigurations = (
				F8CBC79BCC4F3DFCD771828E /* Debug */,
				ED5B7EE6FD35E8813B2D5FD5 /* Release */,
			);
			defaultConfigurationIsVisible = 0;
			defaultConfigurationName = Debug;
		};
		F0061743BD17149CB0D34A36 /* Build configuration list for PBXNativeTarget "SportsScores" */ = {
			isa = XCConfigurationList;
			buildConfigurations = (
				80B76FF674A9FE6CA791743D /* Debug */,
				200EAE98A9BDB90D4AD71EBC /* Release */,
			);
			defaultConfigurationIsVisible = 0;
			defaultConfigurationName = Debug;
		};
/* End XCConfigurationList section */
	};
	rootObject = 76E19A7D39715887A61C957C /* Project object */;
}
