// !$*UTF8*$!
{
	archiveVersion = 1;
	classes = {
	};
	objectVersion = 77;
	objects = {

/* Begin PBXBuildFile section */
		02204E507D7434022AB59839 /* RacingHubView.swift in Sources */ = {isa = PBXBuildFile; fileRef = 5527896BC8638A1E72DE5823 /* RacingHubView.swift */; };
		0628508F6916E0005D37835D /* CheatsheetPlayerDetailView.swift in Sources */ = {isa = PBXBuildFile; fileRef = 17E2EBBAD69446226C28DA4A /* CheatsheetPlayerDetailView.swift */; };
		11745FDAA05A67412D2D514B /* TeamHubModels.swift in Sources */ = {isa = PBXBuildFile; fileRef = B24C7FC69C8CFAB2F651990B /* TeamHubModels.swift */; };
		12D1B45EAF2BBCDCEBEB1005 /* PlaysView.swift in Sources */ = {isa = PBXBuildFile; fileRef = 730BF6E5A4FF66C7DF52BCC2 /* PlaysView.swift */; };
		135113FE9015B742D1B2EE64 /* TeamHubConferencePickerView.swift in Sources */ = {isa = PBXBuildFile; fileRef = 4EA35C821420E24CE5DF8EE7 /* TeamHubConferencePickerView.swift */; };
		135C3FF984080B8C1137AF85 /* TransactionListView.swift in Sources */ = {isa = PBXBuildFile; fileRef = 6E9DF43ABE1EF51B3B8B7384 /* TransactionListView.swift */; };
		13A69BFC319671031E87986D /* StadiumGeometry.swift in Sources */ = {isa = PBXBuildFile; fileRef = C54D54E4F45E8D6A098DFF0B /* StadiumGeometry.swift */; };
		148D279BE802BAA35FF18C92 /* News.swift in Sources */ = {isa = PBXBuildFile; fileRef = 3C2563CBCB32601D5263CEEF /* News.swift */; };
		14912B654B5479336E3A6EDB /* WorldCupGroupsView.swift in Sources */ = {isa = PBXBuildFile; fileRef = 498810E1244FB01F11F76C63 /* WorldCupGroupsView.swift */; };
		17DD6D3CA0A61007F2DF8FC2 /* SportsScoresApp.swift in Sources */ = {isa = PBXBuildFile; fileRef = 9CF458B8B4585D69E60DA8FF /* SportsScoresApp.swift */; };
		186C57EB9184039417063728 /* CFLAPIService.swift in Sources */ = {isa = PBXBuildFile; fileRef = 5224250F5836C04F9B9196D8 /* CFLAPIService.swift */; };
		19E3A581324D154BA8CAB60C /* Schedule.swift in Sources */ = {isa = PBXBuildFile; fileRef = 8CEB663233BEB6B8AC40C34A /* Schedule.swift */; };
		1A468450657E6A4E5C798D40 /* PollsViewModel.swift in Sources */ = {isa = PBXBuildFile; fileRef = BAB026ED5A307D8628CB7D79 /* PollsViewModel.swift */; };
		1C91348F34852A843960069F /* TeamRosterTabView.swift in Sources */ = {isa = PBXBuildFile; fileRef = 7FE78616C1AF25271D897613 /* TeamRosterTabView.swift */; };
		1E4B120B7514E95882EE8C2B /* RacingStandingsView.swift in Sources */ = {isa = PBXBuildFile; fileRef = 571A24A6070F1FF8B878BC0F /* RacingStandingsView.swift */; };
		21C8CC3FA2C4044DEC1D77BB /* SoccerPitchTourView.swift in Sources */ = {isa = PBXBuildFile; fileRef = 57680AE9E26542D361BDBA55 /* SoccerPitchTourView.swift */; };
		21CAFBB917DB068912303B5F /* Racing.swift in Sources */ = {isa = PBXBuildFile; fileRef = A123364C5844F97428FC4E90 /* Racing.swift */; };
		25A1383A1CEA78F0A22E7647 /* TransactionViewModel.swift in Sources */ = {isa = PBXBuildFile; fileRef = 82A66944C86F3ADCC7364DEA /* TransactionViewModel.swift */; };
		25EDD6B8C34B2ACC2DA9BBAC /* FantasyCheatsheetView.swift in Sources */ = {isa = PBXBuildFile; fileRef = 289A82398ECDB07D2544E980 /* FantasyCheatsheetView.swift */; };
		29FAF8656BCC9C688CBF9721 /* ESPNAPIResponseModels.swift in Sources */ = {isa = PBXBuildFile; fileRef = AE2796BCB4469DAC7E4FFE0E /* ESPNAPIResponseModels.swift */; };
		2DAFEF250D3D2D76BAAB1082 /* WorldCupBracketView.swift in Sources */ = {isa = PBXBuildFile; fileRef = 910C00B534C6836FDF2D4AB9 /* WorldCupBracketView.swift */; };
		301029E9D3502BBCC9A4577F /* WorldCupPathDetailViewModel.swift in Sources */ = {isa = PBXBuildFile; fileRef = D0016090C9A520314935013D /* WorldCupPathDetailViewModel.swift */; };
		31603CE4AE41B5ABE907C348 /* TeamNamePreference.swift in Sources */ = {isa = PBXBuildFile; fileRef = 9AAC57811BB4C42BC2619656 /* TeamNamePreference.swift */; };
		32A0B49EBA1251670E58EB74 /* RaceTrackGeometry.swift in Sources */ = {isa = PBXBuildFile; fileRef = C2D67B211A7F23E4A6A52ACF /* RaceTrackGeometry.swift */; };
		32A6FF663F55FDB3009D64C7 /* TeamScheduleViewModel.swift in Sources */ = {isa = PBXBuildFile; fileRef = 915340F68BA4D0A9C2068191 /* TeamScheduleViewModel.swift */; };
		377E7AD8114C29BE0DCC76E4 /* SoccerLiveViewModel.swift in Sources */ = {isa = PBXBuildFile; fileRef = D376006BDCBD19E67A67198F /* SoccerLiveViewModel.swift */; };
		3892ABB3CD58FD8AB9B5119E /* WorldCupTeamViewModel.swift in Sources */ = {isa = PBXBuildFile; fileRef = C5DAB5AB7C96D7FEF4A3AD54 /* WorldCupTeamViewModel.swift */; };
		392431D62CD96C97D9DC0E35 /* ScoringSettingsView.swift in Sources */ = {isa = PBXBuildFile; fileRef = 207940DDCC75EC9FC143F083 /* ScoringSettingsView.swift */; };
		39FB1132256178B6106EA884 /* FootballFieldTourView.swift in Sources */ = {isa = PBXBuildFile; fileRef = 62F4C1D901EF7B90EED9E637 /* FootballFieldTourView.swift */; };
		3A293ADD2EB7355ADCAAAAF9 /* ErrorStateView.swift in Sources */ = {isa = PBXBuildFile; fileRef = A3C96FBD3BA920855AB05605 /* ErrorStateView.swift */; };
		3B583CE5901CF86D24E84764 /* TeamScheduleView.swift in Sources */ = {isa = PBXBuildFile; fileRef = 5B7A3E63F22E1898869FDC94 /* TeamScheduleView.swift */; };
		3B58834BFF1C6F8E735AF6CC /* PitchZoneExplorerView.swift in Sources */ = {isa = PBXBuildFile; fileRef = 3C463E72CBDDDA80C63C8952 /* PitchZoneExplorerView.swift */; };
		3CF5D8B7E440EC82D67DAC1F /* ScoresView.swift in Sources */ = {isa = PBXBuildFile; fileRef = 609CEBC16C71EE0B9BC17BD7 /* ScoresView.swift */; };
		3D763611A00B01CF66A2DB5C /* GameDetails.swift in Sources */ = {isa = PBXBuildFile; fileRef = D9E24CEFF6C7E1D434DB90C5 /* GameDetails.swift */; };
		42271DB165B90C4CABC41277 /* StatLeaderDetailView.swift in Sources */ = {isa = PBXBuildFile; fileRef = 7E3E7A006B915059C012DF6C /* StatLeaderDetailView.swift */; };
		43515A69C1AC52DA8773923D /* TeamNewsTabView.swift in Sources */ = {isa = PBXBuildFile; fileRef = 7BA63414CE0A8CC7087E5892 /* TeamNewsTabView.swift */; };
		437405AD156F24694A662BEB /* WorldCupTeamView.swift in Sources */ = {isa = PBXBuildFile; fileRef = BC0CEB0D3A5E7470A9CA7DB9 /* WorldCupTeamView.swift */; };
		44CC376BD3D339F8307B9B03 /* WorldCupPathView.swift in Sources */ = {isa = PBXBuildFile; fileRef = F80EB90ACAB4BA3DF377959B /* WorldCupPathView.swift */; };
		4B2393188AA82F3FEFA7D8FC /* TheBenchView.swift in Sources */ = {isa = PBXBuildFile; fileRef = 89BE97DE902E6DA78B864E54 /* TheBenchView.swift */; };
		4C29DBE2E2D7001F23D97407 /* TransactionHubView.swift in Sources */ = {isa = PBXBuildFile; fileRef = 929F276A5AC1D12C6ED0233B /* TransactionHubView.swift */; };
		4EBA8B3274D13D19014A34C4 /* BoxScoreView.swift in Sources */ = {isa = PBXBuildFile; fileRef = 5DB8AE94C204A50146E9F867 /* BoxScoreView.swift */; };
		513083EA6C93ED8413B1C342 /* DivisionMapper.swift in Sources */ = {isa = PBXBuildFile; fileRef = 1CEE4CE2353099109FF62D72 /* DivisionMapper.swift */; };
		537EDE5289F5FA56EDBB33E6 /* ViewMode.swift in Sources */ = {isa = PBXBuildFile; fileRef = 1F02454A9066804EF35F956A /* ViewMode.swift */; };
		545F71151CBFD1675AA29CCD /* SoccerHubViewModel.swift in Sources */ = {isa = PBXBuildFile; fileRef = E83EC93DC3EF01BEBDB5C228 /* SoccerHubViewModel.swift */; };
		5818155580D3069662CD0A80 /* HomeViewModel.swift in Sources */ = {isa = PBXBuildFile; fileRef = 44133B2A0893E530B94863FE /* HomeViewModel.swift */; };
		5916DA34D59594D7B25A72C0 /* SeasonCalendar.swift in Sources */ = {isa = PBXBuildFile; fileRef = 99DDA742744EA727C60BAE7E /* SeasonCalendar.swift */; };
		5A6EF48AA7A31E15504E39C6 /* NFLDraftViewModel.swift in Sources */ = {isa = PBXBuildFile; fileRef = 8F59D84E150550B121E8B7BF /* NFLDraftViewModel.swift */; };
		5B5A856C6C64ABC79DF3C6B4 /* StrikeZoneBenchView.swift in Sources */ = {isa = PBXBuildFile; fileRef = 4BE990D5FE2CBBB090B28EA4 /* StrikeZoneBenchView.swift */; };
		5CB5BC34BCD9CFE9AF28BFDB /* FantasyCheatsheetService.swift in Sources */ = {isa = PBXBuildFile; fileRef = 0BDABE6B0F7E1B4B9FFD1A3C /* FantasyCheatsheetService.swift */; };
		615EE37F4333905A4B98CDF2 /* TeamHubDetailView.swift in Sources */ = {isa = PBXBuildFile; fileRef = 4E353F6FCA74B2B593E0BCF0 /* TeamHubDetailView.swift */; };
		620C4CFF1983222CC72994D2 /* TeamScheduleTabView.swift in Sources */ = {isa = PBXBuildFile; fileRef = 9EA14C003BB1FFEC63E9B189 /* TeamScheduleTabView.swift */; };
		653CCA7C4DB692421571D3B5 /* GolfAPIModels.swift in Sources */ = {isa = PBXBuildFile; fileRef = EE9AB71F6059AED1535F97A5 /* GolfAPIModels.swift */; };
		658536EAD5B7590C0B17AE04 /* TransactionTeamPickerView.swift in Sources */ = {isa = PBXBuildFile; fileRef = E79BB9E6383BF4BCD75D2452 /* TransactionTeamPickerView.swift */; };
		663C5ADF6B280AACF1980C39 /* TeamHubViewModel.swift in Sources */ = {isa = PBXBuildFile; fileRef = EA427D15FEA344F45E304B6A /* TeamHubViewModel.swift */; };
		66941444CDF6D80C2263573F /* ContentView.swift in Sources */ = {isa = PBXBuildFile; fileRef = 5C7235DC0E2395602DD8FA74 /* ContentView.swift */; };
		67AE8DCB8DE650FF5D655562 /* Game.swift in Sources */ = {isa = PBXBuildFile; fileRef = 08AB11969A6D49301493C976 /* Game.swift */; };
		6C341E3F349F9C34917C0BA1 /* PitchMapView.swift in Sources */ = {isa = PBXBuildFile; fileRef = AD66FC8613BE001BF933296A /* PitchMapView.swift */; };
		6E7FE1E48B37B17EB195284D /* AppLifecycle.swift in Sources */ = {isa = PBXBuildFile; fileRef = D0E882578A16436F5C152578 /* AppLifecycle.swift */; };
		71558223E4B1963628A115D5 /* AccessibleTableBridge.swift in Sources */ = {isa = PBXBuildFile; fileRef = CA03F672A5EA237BD26D7267 /* AccessibleTableBridge.swift */; };
		742E7893A7F2DB90E8FCA57F /* Golf.swift in Sources */ = {isa = PBXBuildFile; fileRef = DACD1DD000CD9B7A9D3FBA99 /* Golf.swift */; };
		7654DC022A81EFC4FAD5B406 /* Transaction.swift in Sources */ = {isa = PBXBuildFile; fileRef = 5F7BC9D746343F8C08C38ADE /* Transaction.swift */; };
		7707BAC38C069F7267EC7E14 /* TeamInfoTabView.swift in Sources */ = {isa = PBXBuildFile; fileRef = 76DFF8CC361EFFC3BC72D8A0 /* TeamInfoTabView.swift */; };
		784A00FB63D088FA0BEC2021 /* WorldCupViewModel.swift in Sources */ = {isa = PBXBuildFile; fileRef = 6C11307240F1FBAB30B5A2E8 /* WorldCupViewModel.swift */; };
		788B0B37E6585E5009AC5B34 /* WorldCup.swift in Sources */ = {isa = PBXBuildFile; fileRef = E20197AC616142E4CCBB6D0A /* WorldCup.swift */; };
		7D0281DAD5661B027D351459 /* SportSelectionView.swift in Sources */ = {isa = PBXBuildFile; fileRef = AA74734FB552A44C1F62E3C7 /* SportSelectionView.swift */; };
		7F3D586CADB1DD18B41DBF6E /* GolfViewModel.swift in Sources */ = {isa = PBXBuildFile; fileRef = 9A91300CAC401DF3DFD111FD /* GolfViewModel.swift */; };
		7FE49CE6841F2741FB6D9993 /* BasketballCourtTourView.swift in Sources */ = {isa = PBXBuildFile; fileRef = 5B9633ED3A95DF8C72813B8D /* BasketballCourtTourView.swift */; };
		808CA07FF2757F686077B000 /* RacingLeagueView.swift in Sources */ = {isa = PBXBuildFile; fileRef = 12FB064B32BB710D09EE1967 /* RacingLeagueView.swift */; };
		8426328B31FF1D8507B76BC6 /* TouchTourAnnouncementService.swift in Sources */ = {isa = PBXBuildFile; fileRef = 4307499007DD0DE92B94347D /* TouchTourAnnouncementService.swift */; };
		898FBB6809528DF5A40939BE /* DatePickerView.swift in Sources */ = {isa = PBXBuildFile; fileRef = 797D09AB2E8244D9B87B18DD /* DatePickerView.swift */; };
		8A2691FFB0CCF34A4FCF39AE /* ESPNAPIService.swift in Sources */ = {isa = PBXBuildFile; fileRef = 21AFFA6521B030C9D6A32C28 /* ESPNAPIService.swift */; };
		8E21C05AAE5FF8A9BDC2D28D /* TeamHubSportPickerView.swift in Sources */ = {isa = PBXBuildFile; fileRef = 2751799FACCF58BECA17426F /* TeamHubSportPickerView.swift */; };
		90809E26F5DBB74D69E76BE5 /* RaceTrackHubView.swift in Sources */ = {isa = PBXBuildFile; fileRef = FF3BF3CB32FE02D73716FE82 /* RaceTrackHubView.swift */; };
		976CAEAE9184F2A78CC4262E /* GolfLeaderboardView.swift in Sources */ = {isa = PBXBuildFile; fileRef = EB0F1FC019A93C679C5BE1B0 /* GolfLeaderboardView.swift */; };
		98B229A70D3A2325E2F1C4F9 /* FavoritesHubViewModel.swift in Sources */ = {isa = PBXBuildFile; fileRef = A3D586C7F66434AAA1A123DD /* FavoritesHubViewModel.swift */; };
		9D93010B54E6E1BDF2438669 /* Standings.swift in Sources */ = {isa = PBXBuildFile; fileRef = 2F730ED25EF184C36C9EEC13 /* Standings.swift */; };
		A1F816EAE924F8B5EF769FEE /* Draft.swift in Sources */ = {isa = PBXBuildFile; fileRef = CF309DE2E51E7352C8748699 /* Draft.swift */; };
		A221F73D4E746FEADF29971B /* FavoriteTeamCardView.swift in Sources */ = {isa = PBXBuildFile; fileRef = CA292638C3237DA00CF63E2C /* FavoriteTeamCardView.swift */; };
		A36114AE09C2ACD5B6CC1EDA /* WorldCupHubView.swift in Sources */ = {isa = PBXBuildFile; fileRef = 1F50D5B47D984181FA4F50D2 /* WorldCupHubView.swift */; };
		A40265BD5D3531D5A2DBC7CE /* Assets.xcassets in Resources */ = {isa = PBXBuildFile; fileRef = 636254F8AA33A59EC7DE9718 /* Assets.xcassets */; };
		AA53FCD9577528CAAD72E565 /* NewsViewModel.swift in Sources */ = {isa = PBXBuildFile; fileRef = E5A708A7622868D80A976423 /* NewsViewModel.swift */; };
		ABE86BFE5705A55FA2190FA3 /* FantasyCheatsheetViewModel.swift in Sources */ = {isa = PBXBuildFile; fileRef = 0FC891E2C7550475309817F2 /* FantasyCheatsheetViewModel.swift */; };
		AD2514C8D08879F4B4B46D8F /* SettingsView.swift in Sources */ = {isa = PBXBuildFile; fileRef = 8B5D54CA4176A888905B0A8B /* SettingsView.swift */; };
		B0A1FBA873B32E84234F9AE7 /* GolfLeagueView.swift in Sources */ = {isa = PBXBuildFile; fileRef = 85D2E94CC351E76325953CA5 /* GolfLeagueView.swift */; };
		B1098B418D22102B3F23481C /* RaceTrackTourView.swift in Sources */ = {isa = PBXBuildFile; fileRef = 302423DD50CC2EE1ACEB231F /* RaceTrackTourView.swift */; };
		B4010B138E30A62510C01960 /* ScoresViewModel.swift in Sources */ = {isa = PBXBuildFile; fileRef = BDEC309880AB2ADBB9696E41 /* ScoresViewModel.swift */; };
		B49424A188C213E59DF44F28 /* NewsView.swift in Sources */ = {isa = PBXBuildFile; fileRef = EE41AFE532E985B250D0D3BE /* NewsView.swift */; };
		B4F64F7D6CCC5781CAE761A4 /* RacingViewModel.swift in Sources */ = {isa = PBXBuildFile; fileRef = 901C65AC787E3D15CF345232 /* RacingViewModel.swift */; };
		B50DBF1CC05B839C0E1C521D /* GolfHubView.swift in Sources */ = {isa = PBXBuildFile; fileRef = 6963D1A97994CF4846D3B0D5 /* GolfHubView.swift */; };
		B54A3C6BF8F49A420AE8B5A6 /* LiveScoresViewModel.swift in Sources */ = {isa = PBXBuildFile; fileRef = 2C6754243E2E05857C78D223 /* LiveScoresViewModel.swift */; };
		B6D69EB294E291DC424699E8 /* Sport.swift in Sources */ = {isa = PBXBuildFile; fileRef = 069ACD1D5C73DAD2A7D76927 /* Sport.swift */; };
		B746C2D72B31CABAB14A8A32 /* GameDetailView.swift in Sources */ = {isa = PBXBuildFile; fileRef = DD62F7905FFCDC5D2AA616FB /* GameDetailView.swift */; };
		B7F18A6B46B91155BE6DE856 /* FieldAudioEngine.swift in Sources */ = {isa = PBXBuildFile; fileRef = 403903D8B1E6F2AE0AC92E30 /* FieldAudioEngine.swift */; };
		B85E0B110964AD140C6CA5C7 /* StandingsViewModel.swift in Sources */ = {isa = PBXBuildFile; fileRef = D3E43F7CCDE27769D46915D8 /* StandingsViewModel.swift */; };
		B973D17022B6F5ED81A9F474 /* RacingAPIModels.swift in Sources */ = {isa = PBXBuildFile; fileRef = 82D271FEAD8DE2FBDC83CFF8 /* RacingAPIModels.swift */; };
		BAC55B44D2DD6AFAC014F6B5 /* StatisticsViewModel.swift in Sources */ = {isa = PBXBuildFile; fileRef = 170934144144BFF79BD8E765 /* StatisticsViewModel.swift */; };
		BC4CAE67D1B91E0DD0EF8F48 /* AppSettings.swift in Sources */ = {isa = PBXBuildFile; fileRef = 8AA9D3C2F2CF69EA0F2C44FC /* AppSettings.swift */; };
		BE2C0E300624C50840FFC407 /* GolfScheduleView.swift in Sources */ = {isa = PBXBuildFile; fileRef = 86BB430071A120C3BDDD7C3A /* GolfScheduleView.swift */; };
		C32F5CC0E58BF2711BCF4EB7 /* UserGuideView.swift in Sources */ = {isa = PBXBuildFile; fileRef = 2211E4610908171638A8635E /* UserGuideView.swift */; };
		C64061F39E9C72D852DCECC2 /* NFLDraftView.swift in Sources */ = {isa = PBXBuildFile; fileRef = 7ED382A04A08304321DF379A /* NFLDraftView.swift */; };
		C95B57CC27DD8C19A2979B32 /* StandingsView.swift in Sources */ = {isa = PBXBuildFile; fileRef = 95F96BD2C7E1B5D0F0EC4DE8 /* StandingsView.swift */; };
		C995418E06A9086A5F63BAD7 /* TeamStatsTabView.swift in Sources */ = {isa = PBXBuildFile; fileRef = 4BA4CAC4C7EDA97691300940 /* TeamStatsTabView.swift */; };
		CA0C3549396F6310A922238A /* SoccerHubView.swift in Sources */ = {isa = PBXBuildFile; fileRef = 6A5FA8D25FA311C971D8333B /* SoccerHubView.swift */; };
		CC4CC995A5F7BE0BF99E0A0C /* TeamTransactionsTabView.swift in Sources */ = {isa = PBXBuildFile; fileRef = 1B8554FE9C77A1F32389D68F /* TeamTransactionsTabView.swift */; };
		CE292388A5B8C1967877ED6B /* WorldCupPathDetailView.swift in Sources */ = {isa = PBXBuildFile; fileRef = A9F2BB0CD2C7656B02544A70 /* WorldCupPathDetailView.swift */; };
		D0297E190F614EB1BB6ADA63 /* StatisticsView.swift in Sources */ = {isa = PBXBuildFile; fileRef = 67992CF671BB379D522254C7 /* StatisticsView.swift */; };
		D2262215C36B565516965D84 /* RacingResultsView.swift in Sources */ = {isa = PBXBuildFile; fileRef = DC0FB3FBA2C827983CC77114 /* RacingResultsView.swift */; };
		D40B019CCC9D990B7430DE61 /* TeamHubTeamPickerView.swift in Sources */ = {isa = PBXBuildFile; fileRef = C1A0EB06232A63C5FBC5E725 /* TeamHubTeamPickerView.swift */; };
		D5BBCFE2C7CC02F9EB4AFED3 /* GameDetailViewModel.swift in Sources */ = {isa = PBXBuildFile; fileRef = A8BB65FBC95D5C0925F74FD8 /* GameDetailViewModel.swift */; };
		D6D4DE994975F6640BCD8CF6 /* TeamStatsViewModel.swift in Sources */ = {isa = PBXBuildFile; fileRef = D4CA034FD639D5E5AD03DC4A /* TeamStatsViewModel.swift */; };
		DB68D0EC0027C7C63119943D /* WorldCupBracket.swift in Sources */ = {isa = PBXBuildFile; fileRef = 43A5EDEFADDCBD6C53E9D458 /* WorldCupBracket.swift */; };
		DF0DBB7CA6CF2D81436AF0AD /* SoccerLiveView.swift in Sources */ = {isa = PBXBuildFile; fileRef = 16ED99CDD716191F0D4DBA6A /* SoccerLiveView.swift */; };
		DF181F8E4C2910C471B91C15 /* FantasyCheatsheet.swift in Sources */ = {isa = PBXBuildFile; fileRef = 5D03CE813404E0EBFD58F87D /* FantasyCheatsheet.swift */; };
		E12FF86C82FDE425DE041439 /* LiveScoresView.swift in Sources */ = {isa = PBXBuildFile; fileRef = 3A041149D09737E052D28AFD /* LiveScoresView.swift */; };
		E7F872A849B24BEFC94A4B28 /* HockeyRinkTourView.swift in Sources */ = {isa = PBXBuildFile; fileRef = 45E2F040B783E6BBEE950FD5 /* HockeyRinkTourView.swift */; };
		EC7138C39AF0542F702095B6 /* PitchAudioEngine.swift in Sources */ = {isa = PBXBuildFile; fileRef = F659A5D114F5225EE0FE626D /* PitchAudioEngine.swift */; };
		EDF2DE37CADCCD46B40AB0AB /* DataTableView.swift in Sources */ = {isa = PBXBuildFile; fileRef = DB9F89C51E04B48DBF663845 /* DataTableView.swift */; };
		F0325420BCF8E453528C1728 /* BaseballFieldTourView.swift in Sources */ = {isa = PBXBuildFile; fileRef = 93169AB8FB73DA57C45D0C7A /* BaseballFieldTourView.swift */; };
		F8BF3E6E1722253CFF729BD8 /* PollsView.swift in Sources */ = {isa = PBXBuildFile; fileRef = BDDD36E16EA39ADB21259034 /* PollsView.swift */; };
/* End PBXBuildFile section */

/* Begin PBXFileReference section */
		069ACD1D5C73DAD2A7D76927 /* Sport.swift */ = {isa = PBXFileReference; lastKnownFileType = sourcecode.swift; path = Sport.swift; sourceTree = "<group>"; };
		08AB11969A6D49301493C976 /* Game.swift */ = {isa = PBXFileReference; lastKnownFileType = sourcecode.swift; path = Game.swift; sourceTree = "<group>"; };
		0BDABE6B0F7E1B4B9FFD1A3C /* FantasyCheatsheetService.swift */ = {isa = PBXFileReference; lastKnownFileType = sourcecode.swift; path = FantasyCheatsheetService.swift; sourceTree = "<group>"; };
		0FC891E2C7550475309817F2 /* FantasyCheatsheetViewModel.swift */ = {isa = PBXFileReference; lastKnownFileType = sourcecode.swift; path = FantasyCheatsheetViewModel.swift; sourceTree = "<group>"; };
		12FB064B32BB710D09EE1967 /* RacingLeagueView.swift */ = {isa = PBXFileReference; lastKnownFileType = sourcecode.swift; path = RacingLeagueView.swift; sourceTree = "<group>"; };
		16ED99CDD716191F0D4DBA6A /* SoccerLiveView.swift */ = {isa = PBXFileReference; lastKnownFileType = sourcecode.swift; path = SoccerLiveView.swift; sourceTree = "<group>"; };
		170934144144BFF79BD8E765 /* StatisticsViewModel.swift */ = {isa = PBXFileReference; lastKnownFileType = sourcecode.swift; path = StatisticsViewModel.swift; sourceTree = "<group>"; };
		17E2EBBAD69446226C28DA4A /* CheatsheetPlayerDetailView.swift */ = {isa = PBXFileReference; lastKnownFileType = sourcecode.swift; path = CheatsheetPlayerDetailView.swift; sourceTree = "<group>"; };
		1B8554FE9C77A1F32389D68F /* TeamTransactionsTabView.swift */ = {isa = PBXFileReference; lastKnownFileType = sourcecode.swift; path = TeamTransactionsTabView.swift; sourceTree = "<group>"; };
		1C3E87CD273A22E278284964 /* SportsScores.app */ = {isa = PBXFileReference; includeInIndex = 0; lastKnownFileType = wrapper.application; path = SportsScores.app; sourceTree = BUILT_PRODUCTS_DIR; };
		1CEE4CE2353099109FF62D72 /* DivisionMapper.swift */ = {isa = PBXFileReference; lastKnownFileType = sourcecode.swift; path = DivisionMapper.swift; sourceTree = "<group>"; };
		1F02454A9066804EF35F956A /* ViewMode.swift */ = {isa = PBXFileReference; lastKnownFileType = sourcecode.swift; path = ViewMode.swift; sourceTree = "<group>"; };
		1F50D5B47D984181FA4F50D2 /* WorldCupHubView.swift */ = {isa = PBXFileReference; lastKnownFileType = sourcecode.swift; path = WorldCupHubView.swift; sourceTree = "<group>"; };
		207940DDCC75EC9FC143F083 /* ScoringSettingsView.swift */ = {isa = PBXFileReference; lastKnownFileType = sourcecode.swift; path = ScoringSettingsView.swift; sourceTree = "<group>"; };
		21AFFA6521B030C9D6A32C28 /* ESPNAPIService.swift */ = {isa = PBXFileReference; lastKnownFileType = sourcecode.swift; path = ESPNAPIService.swift; sourceTree = "<group>"; };
		2211E4610908171638A8635E /* UserGuideView.swift */ = {isa = PBXFileReference; lastKnownFileType = sourcecode.swift; path = UserGuideView.swift; sourceTree = "<group>"; };
		2751799FACCF58BECA17426F /* TeamHubSportPickerView.swift */ = {isa = PBXFileReference; lastKnownFileType = sourcecode.swift; path = TeamHubSportPickerView.swift; sourceTree = "<group>"; };
		289A82398ECDB07D2544E980 /* FantasyCheatsheetView.swift */ = {isa = PBXFileReference; lastKnownFileType = sourcecode.swift; path = FantasyCheatsheetView.swift; sourceTree = "<group>"; };
		2C6754243E2E05857C78D223 /* LiveScoresViewModel.swift */ = {isa = PBXFileReference; lastKnownFileType = sourcecode.swift; path = LiveScoresViewModel.swift; sourceTree = "<group>"; };
		2F730ED25EF184C36C9EEC13 /* Standings.swift */ = {isa = PBXFileReference; lastKnownFileType = sourcecode.swift; path = Standings.swift; sourceTree = "<group>"; };
		302423DD50CC2EE1ACEB231F /* RaceTrackTourView.swift */ = {isa = PBXFileReference; lastKnownFileType = sourcecode.swift; path = RaceTrackTourView.swift; sourceTree = "<group>"; };
		3A041149D09737E052D28AFD /* LiveScoresView.swift */ = {isa = PBXFileReference; lastKnownFileType = sourcecode.swift; path = LiveScoresView.swift; sourceTree = "<group>"; };
		3C2563CBCB32601D5263CEEF /* News.swift */ = {isa = PBXFileReference; lastKnownFileType = sourcecode.swift; path = News.swift; sourceTree = "<group>"; };
		3C463E72CBDDDA80C63C8952 /* PitchZoneExplorerView.swift */ = {isa = PBXFileReference; lastKnownFileType = sourcecode.swift; path = PitchZoneExplorerView.swift; sourceTree = "<group>"; };
		403903D8B1E6F2AE0AC92E30 /* FieldAudioEngine.swift */ = {isa = PBXFileReference; lastKnownFileType = sourcecode.swift; path = FieldAudioEngine.swift; sourceTree = "<group>"; };
		4307499007DD0DE92B94347D /* TouchTourAnnouncementService.swift */ = {isa = PBXFileReference; lastKnownFileType = sourcecode.swift; path = TouchTourAnnouncementService.swift; sourceTree = "<group>"; };
		43A5EDEFADDCBD6C53E9D458 /* WorldCupBracket.swift */ = {isa = PBXFileReference; lastKnownFileType = sourcecode.swift; path = WorldCupBracket.swift; sourceTree = "<group>"; };
		44133B2A0893E530B94863FE /* HomeViewModel.swift */ = {isa = PBXFileReference; lastKnownFileType = sourcecode.swift; path = HomeViewModel.swift; sourceTree = "<group>"; };
		45E2F040B783E6BBEE950FD5 /* HockeyRinkTourView.swift */ = {isa = PBXFileReference; lastKnownFileType = sourcecode.swift; path = HockeyRinkTourView.swift; sourceTree = "<group>"; };
		498810E1244FB01F11F76C63 /* WorldCupGroupsView.swift */ = {isa = PBXFileReference; lastKnownFileType = sourcecode.swift; path = WorldCupGroupsView.swift; sourceTree = "<group>"; };
		4BA4CAC4C7EDA97691300940 /* TeamStatsTabView.swift */ = {isa = PBXFileReference; lastKnownFileType = sourcecode.swift; path = TeamStatsTabView.swift; sourceTree = "<group>"; };
		4BE990D5FE2CBBB090B28EA4 /* StrikeZoneBenchView.swift */ = {isa = PBXFileReference; lastKnownFileType = sourcecode.swift; path = StrikeZoneBenchView.swift; sourceTree = "<group>"; };
		4E353F6FCA74B2B593E0BCF0 /* TeamHubDetailView.swift */ = {isa = PBXFileReference; lastKnownFileType = sourcecode.swift; path = TeamHubDetailView.swift; sourceTree = "<group>"; };
		4EA35C821420E24CE5DF8EE7 /* TeamHubConferencePickerView.swift */ = {isa = PBXFileReference; lastKnownFileType = sourcecode.swift; path = TeamHubConferencePickerView.swift; sourceTree = "<group>"; };
		5224250F5836C04F9B9196D8 /* CFLAPIService.swift */ = {isa = PBXFileReference; lastKnownFileType = sourcecode.swift; path = CFLAPIService.swift; sourceTree = "<group>"; };
		5527896BC8638A1E72DE5823 /* RacingHubView.swift */ = {isa = PBXFileReference; lastKnownFileType = sourcecode.swift; path = RacingHubView.swift; sourceTree = "<group>"; };
		571A24A6070F1FF8B878BC0F /* RacingStandingsView.swift */ = {isa = PBXFileReference; lastKnownFileType = sourcecode.swift; path = RacingStandingsView.swift; sourceTree = "<group>"; };
		57680AE9E26542D361BDBA55 /* SoccerPitchTourView.swift */ = {isa = PBXFileReference; lastKnownFileType = sourcecode.swift; path = SoccerPitchTourView.swift; sourceTree = "<group>"; };
		5B7A3E63F22E1898869FDC94 /* TeamScheduleView.swift */ = {isa = PBXFileReference; lastKnownFileType = sourcecode.swift; path = TeamScheduleView.swift; sourceTree = "<group>"; };
		5B9633ED3A95DF8C72813B8D /* BasketballCourtTourView.swift */ = {isa = PBXFileReference; lastKnownFileType = sourcecode.swift; path = BasketballCourtTourView.swift; sourceTree = "<group>"; };
		5C7235DC0E2395602DD8FA74 /* ContentView.swift */ = {isa = PBXFileReference; lastKnownFileType = sourcecode.swift; path = ContentView.swift; sourceTree = "<group>"; };
		5D03CE813404E0EBFD58F87D /* FantasyCheatsheet.swift */ = {isa = PBXFileReference; lastKnownFileType = sourcecode.swift; path = FantasyCheatsheet.swift; sourceTree = "<group>"; };
		5DB8AE94C204A50146E9F867 /* BoxScoreView.swift */ = {isa = PBXFileReference; lastKnownFileType = sourcecode.swift; path = BoxScoreView.swift; sourceTree = "<group>"; };
		5F7BC9D746343F8C08C38ADE /* Transaction.swift */ = {isa = PBXFileReference; lastKnownFileType = sourcecode.swift; path = Transaction.swift; sourceTree = "<group>"; };
		609CEBC16C71EE0B9BC17BD7 /* ScoresView.swift */ = {isa = PBXFileReference; lastKnownFileType = sourcecode.swift; path = ScoresView.swift; sourceTree = "<group>"; };
		62F4C1D901EF7B90EED9E637 /* FootballFieldTourView.swift */ = {isa = PBXFileReference; lastKnownFileType = sourcecode.swift; path = FootballFieldTourView.swift; sourceTree = "<group>"; };
		636254F8AA33A59EC7DE9718 /* Assets.xcassets */ = {isa = PBXFileReference; lastKnownFileType = folder.assetcatalog; path = Assets.xcassets; sourceTree = "<group>"; };
		67992CF671BB379D522254C7 /* StatisticsView.swift */ = {isa = PBXFileReference; lastKnownFileType = sourcecode.swift; path = StatisticsView.swift; sourceTree = "<group>"; };
		6963D1A97994CF4846D3B0D5 /* GolfHubView.swift */ = {isa = PBXFileReference; lastKnownFileType = sourcecode.swift; path = GolfHubView.swift; sourceTree = "<group>"; };
		6A5FA8D25FA311C971D8333B /* SoccerHubView.swift */ = {isa = PBXFileReference; lastKnownFileType = sourcecode.swift; path = SoccerHubView.swift; sourceTree = "<group>"; };
		6C11307240F1FBAB30B5A2E8 /* WorldCupViewModel.swift */ = {isa = PBXFileReference; lastKnownFileType = sourcecode.swift; path = WorldCupViewModel.swift; sourceTree = "<group>"; };
		6E9DF43ABE1EF51B3B8B7384 /* TransactionListView.swift */ = {isa = PBXFileReference; lastKnownFileType = sourcecode.swift; path = TransactionListView.swift; sourceTree = "<group>"; };
		730BF6E5A4FF66C7DF52BCC2 /* PlaysView.swift */ = {isa = PBXFileReference; lastKnownFileType = sourcecode.swift; path = PlaysView.swift; sourceTree = "<group>"; };
		76DFF8CC361EFFC3BC72D8A0 /* TeamInfoTabView.swift */ = {isa = PBXFileReference; lastKnownFileType = sourcecode.swift; path = TeamInfoTabView.swift; sourceTree = "<group>"; };
		797D09AB2E8244D9B87B18DD /* DatePickerView.swift */ = {isa = PBXFileReference; lastKnownFileType = sourcecode.swift; path = DatePickerView.swift; sourceTree = "<group>"; };
		7BA63414CE0A8CC7087E5892 /* TeamNewsTabView.swift */ = {isa = PBXFileReference; lastKnownFileType = sourcecode.swift; path = TeamNewsTabView.swift; sourceTree = "<group>"; };
		7E3E7A006B915059C012DF6C /* StatLeaderDetailView.swift */ = {isa = PBXFileReference; lastKnownFileType = sourcecode.swift; path = StatLeaderDetailView.swift; sourceTree = "<group>"; };
		7ED382A04A08304321DF379A /* NFLDraftView.swift */ = {isa = PBXFileReference; lastKnownFileType = sourcecode.swift; path = NFLDraftView.swift; sourceTree = "<group>"; };
		7FE78616C1AF25271D897613 /* TeamRosterTabView.swift */ = {isa = PBXFileReference; lastKnownFileType = sourcecode.swift; path = TeamRosterTabView.swift; sourceTree = "<group>"; };
		82A66944C86F3ADCC7364DEA /* TransactionViewModel.swift */ = {isa = PBXFileReference; lastKnownFileType = sourcecode.swift; path = TransactionViewModel.swift; sourceTree = "<group>"; };
		82D271FEAD8DE2FBDC83CFF8 /* RacingAPIModels.swift */ = {isa = PBXFileReference; lastKnownFileType = sourcecode.swift; path = RacingAPIModels.swift; sourceTree = "<group>"; };
		85D2E94CC351E76325953CA5 /* GolfLeagueView.swift */ = {isa = PBXFileReference; lastKnownFileType = sourcecode.swift; path = GolfLeagueView.swift; sourceTree = "<group>"; };
		86BB430071A120C3BDDD7C3A /* GolfScheduleView.swift */ = {isa = PBXFileReference; lastKnownFileType = sourcecode.swift; path = GolfScheduleView.swift; sourceTree = "<group>"; };
		89BE97DE902E6DA78B864E54 /* TheBenchView.swift */ = {isa = PBXFileReference; lastKnownFileType = sourcecode.swift; path = TheBenchView.swift; sourceTree = "<group>"; };
		8AA9D3C2F2CF69EA0F2C44FC /* AppSettings.swift */ = {isa = PBXFileReference; lastKnownFileType = sourcecode.swift; path = AppSettings.swift; sourceTree = "<group>"; };
		8B5D54CA4176A888905B0A8B /* SettingsView.swift */ = {isa = PBXFileReference; lastKnownFileType = sourcecode.swift; path = SettingsView.swift; sourceTree = "<group>"; };
		8CEB663233BEB6B8AC40C34A /* Schedule.swift */ = {isa = PBXFileReference; lastKnownFileType = sourcecode.swift; path = Schedule.swift; sourceTree = "<group>"; };
		8F59D84E150550B121E8B7BF /* NFLDraftViewModel.swift */ = {isa = PBXFileReference; lastKnownFileType = sourcecode.swift; path = NFLDraftViewModel.swift; sourceTree = "<group>"; };
		901C65AC787E3D15CF345232 /* RacingViewModel.swift */ = {isa = PBXFileReference; lastKnownFileType = sourcecode.swift; path = RacingViewModel.swift; sourceTree = "<group>"; };
		910C00B534C6836FDF2D4AB9 /* WorldCupBracketView.swift */ = {isa = PBXFileReference; lastKnownFileType = sourcecode.swift; path = WorldCupBracketView.swift; sourceTree = "<group>"; };
		915340F68BA4D0A9C2068191 /* TeamScheduleViewModel.swift */ = {isa = PBXFileReference; lastKnownFileType = sourcecode.swift; path = TeamScheduleViewModel.swift; sourceTree = "<group>"; };
		929F276A5AC1D12C6ED0233B /* TransactionHubView.swift */ = {isa = PBXFileReference; lastKnownFileType = sourcecode.swift; path = TransactionHubView.swift; sourceTree = "<group>"; };
		93169AB8FB73DA57C45D0C7A /* BaseballFieldTourView.swift */ = {isa = PBXFileReference; lastKnownFileType = sourcecode.swift; path = BaseballFieldTourView.swift; sourceTree = "<group>"; };
		95F96BD2C7E1B5D0F0EC4DE8 /* StandingsView.swift */ = {isa = PBXFileReference; lastKnownFileType = sourcecode.swift; path = StandingsView.swift; sourceTree = "<group>"; };
		99DDA742744EA727C60BAE7E /* SeasonCalendar.swift */ = {isa = PBXFileReference; lastKnownFileType = sourcecode.swift; path = SeasonCalendar.swift; sourceTree = "<group>"; };
		9A91300CAC401DF3DFD111FD /* GolfViewModel.swift */ = {isa = PBXFileReference; lastKnownFileType = sourcecode.swift; path = GolfViewModel.swift; sourceTree = "<group>"; };
		9AAC57811BB4C42BC2619656 /* TeamNamePreference.swift */ = {isa = PBXFileReference; lastKnownFileType = sourcecode.swift; path = TeamNamePreference.swift; sourceTree = "<group>"; };
		9CF458B8B4585D69E60DA8FF /* SportsScoresApp.swift */ = {isa = PBXFileReference; lastKnownFileType = sourcecode.swift; path = SportsScoresApp.swift; sourceTree = "<group>"; };
		9EA14C003BB1FFEC63E9B189 /* TeamScheduleTabView.swift */ = {isa = PBXFileReference; lastKnownFileType = sourcecode.swift; path = TeamScheduleTabView.swift; sourceTree = "<group>"; };
		A123364C5844F97428FC4E90 /* Racing.swift */ = {isa = PBXFileReference; lastKnownFileType = sourcecode.swift; path = Racing.swift; sourceTree = "<group>"; };
		A3C96FBD3BA920855AB05605 /* ErrorStateView.swift */ = {isa = PBXFileReference; lastKnownFileType = sourcecode.swift; path = ErrorStateView.swift; sourceTree = "<group>"; };
		A3D586C7F66434AAA1A123DD /* FavoritesHubViewModel.swift */ = {isa = PBXFileReference; lastKnownFileType = sourcecode.swift; path = FavoritesHubViewModel.swift; sourceTree = "<group>"; };
		A8BB65FBC95D5C0925F74FD8 /* GameDetailViewModel.swift */ = {isa = PBXFileReference; lastKnownFileType = sourcecode.swift; path = GameDetailViewModel.swift; sourceTree = "<group>"; };
		A9F2BB0CD2C7656B02544A70 /* WorldCupPathDetailView.swift */ = {isa = PBXFileReference; lastKnownFileType = sourcecode.swift; path = WorldCupPathDetailView.swift; sourceTree = "<group>"; };
		AA74734FB552A44C1F62E3C7 /* SportSelectionView.swift */ = {isa = PBXFileReference; lastKnownFileType = sourcecode.swift; path = SportSelectionView.swift; sourceTree = "<group>"; };
		AD66FC8613BE001BF933296A /* PitchMapView.swift */ = {isa = PBXFileReference; lastKnownFileType = sourcecode.swift; path = PitchMapView.swift; sourceTree = "<group>"; };
		AE2796BCB4469DAC7E4FFE0E /* ESPNAPIResponseModels.swift */ = {isa = PBXFileReference; lastKnownFileType = sourcecode.swift; path = ESPNAPIResponseModels.swift; sourceTree = "<group>"; };
		B24C7FC69C8CFAB2F651990B /* TeamHubModels.swift */ = {isa = PBXFileReference; lastKnownFileType = sourcecode.swift; path = TeamHubModels.swift; sourceTree = "<group>"; };
		BAB026ED5A307D8628CB7D79 /* PollsViewModel.swift */ = {isa = PBXFileReference; lastKnownFileType = sourcecode.swift; path = PollsViewModel.swift; sourceTree = "<group>"; };
		BC0CEB0D3A5E7470A9CA7DB9 /* WorldCupTeamView.swift */ = {isa = PBXFileReference; lastKnownFileType = sourcecode.swift; path = WorldCupTeamView.swift; sourceTree = "<group>"; };
		BDDD36E16EA39ADB21259034 /* PollsView.swift */ = {isa = PBXFileReference; lastKnownFileType = sourcecode.swift; path = PollsView.swift; sourceTree = "<group>"; };
		BDEC309880AB2ADBB9696E41 /* ScoresViewModel.swift */ = {isa = PBXFileReference; lastKnownFileType = sourcecode.swift; path = ScoresViewModel.swift; sourceTree = "<group>"; };
		C1A0EB06232A63C5FBC5E725 /* TeamHubTeamPickerView.swift */ = {isa = PBXFileReference; lastKnownFileType = sourcecode.swift; path = TeamHubTeamPickerView.swift; sourceTree = "<group>"; };
		C2D67B211A7F23E4A6A52ACF /* RaceTrackGeometry.swift */ = {isa = PBXFileReference; lastKnownFileType = sourcecode.swift; path = RaceTrackGeometry.swift; sourceTree = "<group>"; };
		C54D54E4F45E8D6A098DFF0B /* StadiumGeometry.swift */ = {isa = PBXFileReference; lastKnownFileType = sourcecode.swift; path = StadiumGeometry.swift; sourceTree = "<group>"; };
		C5DAB5AB7C96D7FEF4A3AD54 /* WorldCupTeamViewModel.swift */ = {isa = PBXFileReference; lastKnownFileType = sourcecode.swift; path = WorldCupTeamViewModel.swift; sourceTree = "<group>"; };
		CA03F672A5EA237BD26D7267 /* AccessibleTableBridge.swift */ = {isa = PBXFileReference; lastKnownFileType = sourcecode.swift; path = AccessibleTableBridge.swift; sourceTree = "<group>"; };
		CA292638C3237DA00CF63E2C /* FavoriteTeamCardView.swift */ = {isa = PBXFileReference; lastKnownFileType = sourcecode.swift; path = FavoriteTeamCardView.swift; sourceTree = "<group>"; };
		CF309DE2E51E7352C8748699 /* Draft.swift */ = {isa = PBXFileReference; lastKnownFileType = sourcecode.swift; path = Draft.swift; sourceTree = "<group>"; };
		D0016090C9A520314935013D /* WorldCupPathDetailViewModel.swift */ = {isa = PBXFileReference; lastKnownFileType = sourcecode.swift; path = WorldCupPathDetailViewModel.swift; sourceTree = "<group>"; };
		D0E882578A16436F5C152578 /* AppLifecycle.swift */ = {isa = PBXFileReference; lastKnownFileType = sourcecode.swift; path = AppLifecycle.swift; sourceTree = "<group>"; };
		D376006BDCBD19E67A67198F /* SoccerLiveViewModel.swift */ = {isa = PBXFileReference; lastKnownFileType = sourcecode.swift; path = SoccerLiveViewModel.swift; sourceTree = "<group>"; };
		D3E43F7CCDE27769D46915D8 /* StandingsViewModel.swift */ = {isa = PBXFileReference; lastKnownFileType = sourcecode.swift; path = StandingsViewModel.swift; sourceTree = "<group>"; };
		D4CA034FD639D5E5AD03DC4A /* TeamStatsViewModel.swift */ = {isa = PBXFileReference; lastKnownFileType = sourcecode.swift; path = TeamStatsViewModel.swift; sourceTree = "<group>"; };
		D9E24CEFF6C7E1D434DB90C5 /* GameDetails.swift */ = {isa = PBXFileReference; lastKnownFileType = sourcecode.swift; path = GameDetails.swift; sourceTree = "<group>"; };
		DACD1DD000CD9B7A9D3FBA99 /* Golf.swift */ = {isa = PBXFileReference; lastKnownFileType = sourcecode.swift; path = Golf.swift; sourceTree = "<group>"; };
		DB9F89C51E04B48DBF663845 /* DataTableView.swift */ = {isa = PBXFileReference; lastKnownFileType = sourcecode.swift; path = DataTableView.swift; sourceTree = "<group>"; };
		DC0FB3FBA2C827983CC77114 /* RacingResultsView.swift */ = {isa = PBXFileReference; lastKnownFileType = sourcecode.swift; path = RacingResultsView.swift; sourceTree = "<group>"; };
		DD62F7905FFCDC5D2AA616FB /* GameDetailView.swift */ = {isa = PBXFileReference; lastKnownFileType = sourcecode.swift; path = GameDetailView.swift; sourceTree = "<group>"; };
		E20197AC616142E4CCBB6D0A /* WorldCup.swift */ = {isa = PBXFileReference; lastKnownFileType = sourcecode.swift; path = WorldCup.swift; sourceTree = "<group>"; };
		E5A708A7622868D80A976423 /* NewsViewModel.swift */ = {isa = PBXFileReference; lastKnownFileType = sourcecode.swift; path = NewsViewModel.swift; sourceTree = "<group>"; };
		E79BB9E6383BF4BCD75D2452 /* TransactionTeamPickerView.swift */ = {isa = PBXFileReference; lastKnownFileType = sourcecode.swift; path = TransactionTeamPickerView.swift; sourceTree = "<group>"; };
		E83EC93DC3EF01BEBDB5C228 /* SoccerHubViewModel.swift */ = {isa = PBXFileReference; lastKnownFileType = sourcecode.swift; path = SoccerHubViewModel.swift; sourceTree = "<group>"; };
		EA427D15FEA344F45E304B6A /* TeamHubViewModel.swift */ = {isa = PBXFileReference; lastKnownFileType = sourcecode.swift; path = TeamHubViewModel.swift; sourceTree = "<group>"; };
		EB0F1FC019A93C679C5BE1B0 /* GolfLeaderboardView.swift */ = {isa = PBXFileReference; lastKnownFileType = sourcecode.swift; path = GolfLeaderboardView.swift; sourceTree = "<group>"; };
		EE41AFE532E985B250D0D3BE /* NewsView.swift */ = {isa = PBXFileReference; lastKnownFileType = sourcecode.swift; path = NewsView.swift; sourceTree = "<group>"; };
		EE9AB71F6059AED1535F97A5 /* GolfAPIModels.swift */ = {isa = PBXFileReference; lastKnownFileType = sourcecode.swift; path = GolfAPIModels.swift; sourceTree = "<group>"; };
		F659A5D114F5225EE0FE626D /* PitchAudioEngine.swift */ = {isa = PBXFileReference; lastKnownFileType = sourcecode.swift; path = PitchAudioEngine.swift; sourceTree = "<group>"; };
		F80EB90ACAB4BA3DF377959B /* WorldCupPathView.swift */ = {isa = PBXFileReference; lastKnownFileType = sourcecode.swift; path = WorldCupPathView.swift; sourceTree = "<group>"; };
		FF3BF3CB32FE02D73716FE82 /* RaceTrackHubView.swift */ = {isa = PBXFileReference; lastKnownFileType = sourcecode.swift; path = RaceTrackHubView.swift; sourceTree = "<group>"; };
/* End PBXFileReference section */

/* Begin PBXGroup section */
		19CD8D9F1CDE9B2008BF5830 /* Components */ = {
			isa = PBXGroup;
			children = (
				CA03F672A5EA237BD26D7267 /* AccessibleTableBridge.swift */,
				DB9F89C51E04B48DBF663845 /* DataTableView.swift */,
				A3C96FBD3BA920855AB05605 /* ErrorStateView.swift */,
			);
			path = Components;
			sourceTree = "<group>";
		};
		4B5ACE5559FE27B1DAAD2641 /* Settings */ = {
			isa = PBXGroup;
			children = (
				8AA9D3C2F2CF69EA0F2C44FC /* AppSettings.swift */,
				9AAC57811BB4C42BC2619656 /* TeamNamePreference.swift */,
			);
			path = Settings;
			sourceTree = "<group>";
		};
		54867646532A3C9485982939 /* Utilities */ = {
			isa = PBXGroup;
			children = (
				D0E882578A16436F5C152578 /* AppLifecycle.swift */,
				1F02454A9066804EF35F956A /* ViewMode.swift */,
			);
			path = Utilities;
			sourceTree = "<group>";
		};
		5C964A0DD2A0F964971A44B5 /* Services */ = {
			isa = PBXGroup;
			children = (
				5224250F5836C04F9B9196D8 /* CFLAPIService.swift */,
				21AFFA6521B030C9D6A32C28 /* ESPNAPIService.swift */,
				0BDABE6B0F7E1B4B9FFD1A3C /* FantasyCheatsheetService.swift */,
				403903D8B1E6F2AE0AC92E30 /* FieldAudioEngine.swift */,
				F659A5D114F5225EE0FE626D /* PitchAudioEngine.swift */,
				4307499007DD0DE92B94347D /* TouchTourAnnouncementService.swift */,
			);
			path = Services;
			sourceTree = "<group>";
		};
		75CA8C28B9D39AAE47A61FBF /* Products */ = {
			isa = PBXGroup;
			children = (
				1C3E87CD273A22E278284964 /* SportsScores.app */,
			);
			name = Products;
			sourceTree = "<group>";
		};
		93F89AD5194F005298C2DA73 /* SportsScores */ = {
			isa = PBXGroup;
			children = (
				636254F8AA33A59EC7DE9718 /* Assets.xcassets */,
				5C7235DC0E2395602DD8FA74 /* ContentView.swift */,
				9CF458B8B4585D69E60DA8FF /* SportsScoresApp.swift */,
				F1FF975028D1D628A08F6E2C /* Models */,
				5C964A0DD2A0F964971A44B5 /* Services */,
				4B5ACE5559FE27B1DAAD2641 /* Settings */,
				54867646532A3C9485982939 /* Utilities */,
				9F98C5D1BD0977A262C48E87 /* ViewModels */,
				B999BF77AA5A87F134EEB291 /* Views */,
			);
			path = SportsScores;
			sourceTree = "<group>";
		};
		9F98C5D1BD0977A262C48E87 /* ViewModels */ = {
			isa = PBXGroup;
			children = (
				0FC891E2C7550475309817F2 /* FantasyCheatsheetViewModel.swift */,
				A3D586C7F66434AAA1A123DD /* FavoritesHubViewModel.swift */,
				A8BB65FBC95D5C0925F74FD8 /* GameDetailViewModel.swift */,
				9A91300CAC401DF3DFD111FD /* GolfViewModel.swift */,
				44133B2A0893E530B94863FE /* HomeViewModel.swift */,
				2C6754243E2E05857C78D223 /* LiveScoresViewModel.swift */,
				E5A708A7622868D80A976423 /* NewsViewModel.swift */,
				8F59D84E150550B121E8B7BF /* NFLDraftViewModel.swift */,
				BAB026ED5A307D8628CB7D79 /* PollsViewModel.swift */,
				901C65AC787E3D15CF345232 /* RacingViewModel.swift */,
				BDEC309880AB2ADBB9696E41 /* ScoresViewModel.swift */,
				E83EC93DC3EF01BEBDB5C228 /* SoccerHubViewModel.swift */,
				D376006BDCBD19E67A67198F /* SoccerLiveViewModel.swift */,
				D3E43F7CCDE27769D46915D8 /* StandingsViewModel.swift */,
				170934144144BFF79BD8E765 /* StatisticsViewModel.swift */,
				EA427D15FEA344F45E304B6A /* TeamHubViewModel.swift */,
				915340F68BA4D0A9C2068191 /* TeamScheduleViewModel.swift */,
				D4CA034FD639D5E5AD03DC4A /* TeamStatsViewModel.swift */,
				82A66944C86F3ADCC7364DEA /* TransactionViewModel.swift */,
				D0016090C9A520314935013D /* WorldCupPathDetailViewModel.swift */,
				C5DAB5AB7C96D7FEF4A3AD54 /* WorldCupTeamViewModel.swift */,
				6C11307240F1FBAB30B5A2E8 /* WorldCupViewModel.swift */,
			);
			path = ViewModels;
			sourceTree = "<group>";
		};
		B999BF77AA5A87F134EEB291 /* Views */ = {
			isa = PBXGroup;
			children = (
				93169AB8FB73DA57C45D0C7A /* BaseballFieldTourView.swift */,
				5B9633ED3A95DF8C72813B8D /* BasketballCourtTourView.swift */,
				5DB8AE94C204A50146E9F867 /* BoxScoreView.swift */,
				17E2EBBAD69446226C28DA4A /* CheatsheetPlayerDetailView.swift */,
				797D09AB2E8244D9B87B18DD /* DatePickerView.swift */,
				289A82398ECDB07D2544E980 /* FantasyCheatsheetView.swift */,
				CA292638C3237DA00CF63E2C /* FavoriteTeamCardView.swift */,
				62F4C1D901EF7B90EED9E637 /* FootballFieldTourView.swift */,
				DD62F7905FFCDC5D2AA616FB /* GameDetailView.swift */,
				6963D1A97994CF4846D3B0D5 /* GolfHubView.swift */,
				EB0F1FC019A93C679C5BE1B0 /* GolfLeaderboardView.swift */,
				85D2E94CC351E76325953CA5 /* GolfLeagueView.swift */,
				86BB430071A120C3BDDD7C3A /* GolfScheduleView.swift */,
				45E2F040B783E6BBEE950FD5 /* HockeyRinkTourView.swift */,
				3A041149D09737E052D28AFD /* LiveScoresView.swift */,
				EE41AFE532E985B250D0D3BE /* NewsView.swift */,
				7ED382A04A08304321DF379A /* NFLDraftView.swift */,
				AD66FC8613BE001BF933296A /* PitchMapView.swift */,
				3C463E72CBDDDA80C63C8952 /* PitchZoneExplorerView.swift */,
				730BF6E5A4FF66C7DF52BCC2 /* PlaysView.swift */,
				BDDD36E16EA39ADB21259034 /* PollsView.swift */,
				FF3BF3CB32FE02D73716FE82 /* RaceTrackHubView.swift */,
				302423DD50CC2EE1ACEB231F /* RaceTrackTourView.swift */,
				5527896BC8638A1E72DE5823 /* RacingHubView.swift */,
				12FB064B32BB710D09EE1967 /* RacingLeagueView.swift */,
				DC0FB3FBA2C827983CC77114 /* RacingResultsView.swift */,
				571A24A6070F1FF8B878BC0F /* RacingStandingsView.swift */,
				609CEBC16C71EE0B9BC17BD7 /* ScoresView.swift */,
				207940DDCC75EC9FC143F083 /* ScoringSettingsView.swift */,
				8B5D54CA4176A888905B0A8B /* SettingsView.swift */,
				6A5FA8D25FA311C971D8333B /* SoccerHubView.swift */,
				16ED99CDD716191F0D4DBA6A /* SoccerLiveView.swift */,
				57680AE9E26542D361BDBA55 /* SoccerPitchTourView.swift */,
				AA74734FB552A44C1F62E3C7 /* SportSelectionView.swift */,
				95F96BD2C7E1B5D0F0EC4DE8 /* StandingsView.swift */,
				67992CF671BB379D522254C7 /* StatisticsView.swift */,
				7E3E7A006B915059C012DF6C /* StatLeaderDetailView.swift */,
				4BE990D5FE2CBBB090B28EA4 /* StrikeZoneBenchView.swift */,
				4EA35C821420E24CE5DF8EE7 /* TeamHubConferencePickerView.swift */,
				4E353F6FCA74B2B593E0BCF0 /* TeamHubDetailView.swift */,
				2751799FACCF58BECA17426F /* TeamHubSportPickerView.swift */,
				C1A0EB06232A63C5FBC5E725 /* TeamHubTeamPickerView.swift */,
				76DFF8CC361EFFC3BC72D8A0 /* TeamInfoTabView.swift */,
				7BA63414CE0A8CC7087E5892 /* TeamNewsTabView.swift */,
				7FE78616C1AF25271D897613 /* TeamRosterTabView.swift */,
				9EA14C003BB1FFEC63E9B189 /* TeamScheduleTabView.swift */,
				5B7A3E63F22E1898869FDC94 /* TeamScheduleView.swift */,
				4BA4CAC4C7EDA97691300940 /* TeamStatsTabView.swift */,
				1B8554FE9C77A1F32389D68F /* TeamTransactionsTabView.swift */,
				89BE97DE902E6DA78B864E54 /* TheBenchView.swift */,
				929F276A5AC1D12C6ED0233B /* TransactionHubView.swift */,
				6E9DF43ABE1EF51B3B8B7384 /* TransactionListView.swift */,
				E79BB9E6383BF4BCD75D2452 /* TransactionTeamPickerView.swift */,
				2211E4610908171638A8635E /* UserGuideView.swift */,
				910C00B534C6836FDF2D4AB9 /* WorldCupBracketView.swift */,
				498810E1244FB01F11F76C63 /* WorldCupGroupsView.swift */,
				1F50D5B47D984181FA4F50D2 /* WorldCupHubView.swift */,
				A9F2BB0CD2C7656B02544A70 /* WorldCupPathDetailView.swift */,
				F80EB90ACAB4BA3DF377959B /* WorldCupPathView.swift */,
				BC0CEB0D3A5E7470A9CA7DB9 /* WorldCupTeamView.swift */,
				19CD8D9F1CDE9B2008BF5830 /* Components */,
			);
			path = Views;
			sourceTree = "<group>";
		};
		D0FD2DA0DFF7C8B54F8F3DD8 = {
			isa = PBXGroup;
			children = (
				93F89AD5194F005298C2DA73 /* SportsScores */,
				75CA8C28B9D39AAE47A61FBF /* Products */,
			);
			sourceTree = "<group>";
		};
		F1FF975028D1D628A08F6E2C /* Models */ = {
			isa = PBXGroup;
			children = (
				1CEE4CE2353099109FF62D72 /* DivisionMapper.swift */,
				CF309DE2E51E7352C8748699 /* Draft.swift */,
				AE2796BCB4469DAC7E4FFE0E /* ESPNAPIResponseModels.swift */,
				5D03CE813404E0EBFD58F87D /* FantasyCheatsheet.swift */,
				08AB11969A6D49301493C976 /* Game.swift */,
				D9E24CEFF6C7E1D434DB90C5 /* GameDetails.swift */,
				DACD1DD000CD9B7A9D3FBA99 /* Golf.swift */,
				EE9AB71F6059AED1535F97A5 /* GolfAPIModels.swift */,
				3C2563CBCB32601D5263CEEF /* News.swift */,
				C2D67B211A7F23E4A6A52ACF /* RaceTrackGeometry.swift */,
				A123364C5844F97428FC4E90 /* Racing.swift */,
				82D271FEAD8DE2FBDC83CFF8 /* RacingAPIModels.swift */,
				8CEB663233BEB6B8AC40C34A /* Schedule.swift */,
				99DDA742744EA727C60BAE7E /* SeasonCalendar.swift */,
				069ACD1D5C73DAD2A7D76927 /* Sport.swift */,
				C54D54E4F45E8D6A098DFF0B /* StadiumGeometry.swift */,
				2F730ED25EF184C36C9EEC13 /* Standings.swift */,
				B24C7FC69C8CFAB2F651990B /* TeamHubModels.swift */,
				5F7BC9D746343F8C08C38ADE /* Transaction.swift */,
				E20197AC616142E4CCBB6D0A /* WorldCup.swift */,
				43A5EDEFADDCBD6C53E9D458 /* WorldCupBracket.swift */,
			);
			path = Models;
			sourceTree = "<group>";
		};
/* End PBXGroup section */

/* Begin PBXNativeTarget section */
		A9B008DFCA169D8E9BF1FAEE /* SportsScores */ = {
			isa = PBXNativeTarget;
			buildConfigurationList = F0061743BD17149CB0D34A36 /* Build configuration list for PBXNativeTarget "SportsScores" */;
			buildPhases = (
				B01D79E877D1BEB9DB80AECC /* Sources */,
				55D09A181A37C27B18CC72F9 /* Resources */,
			);
			buildRules = (
			);
			dependencies = (
			);
			name = SportsScores;
			packageProductDependencies = (
			);
			productName = SportsScores;
			productReference = 1C3E87CD273A22E278284964 /* SportsScores.app */;
			productType = "com.apple.product-type.application";
		};
/* End PBXNativeTarget section */

/* Begin PBXProject section */
		76E19A7D39715887A61C957C /* Project object */ = {
			isa = PBXProject;
			attributes = {
				BuildIndependentTargetsInParallel = YES;
				LastUpgradeCheck = 1430;
				TargetAttributes = {
					A9B008DFCA169D8E9BF1FAEE = {
						DevelopmentTeam = P887QF74N8;
						ProvisioningStyle = Automatic;
					};
				};
			};
			buildConfigurationList = 850FEF3B5DECC6C82CB83CC7 /* Build configuration list for PBXProject "SportsScores" */;
			developmentRegion = en;
			hasScannedForEncodings = 0;
			knownRegions = (
				Base,
				en,
			);
			mainGroup = D0FD2DA0DFF7C8B54F8F3DD8;
			minimizedProjectReferenceProxies = 1;
			preferredProjectObjectVersion = 77;
			productRefGroup = 75CA8C28B9D39AAE47A61FBF /* Products */;
			projectDirPath = "";
			projectRoot = "";
			targets = (
				A9B008DFCA169D8E9BF1FAEE /* SportsScores */,
			);
		};
/* End PBXProject section */

/* Begin PBXResourcesBuildPhase section */
		55D09A181A37C27B18CC72F9 /* Resources */ = {
			isa = PBXResourcesBuildPhase;
			buildActionMask = 2147483647;
			files = (
				A40265BD5D3531D5A2DBC7CE /* Assets.xcassets in Resources */,
			);
			runOnlyForDeploymentPostprocessing = 0;
		};
/* End PBXResourcesBuildPhase section */

/* Begin PBXSourcesBuildPhase section */
		B01D79E877D1BEB9DB80AECC /* Sources */ = {
			isa = PBXSourcesBuildPhase;
			buildActionMask = 2147483647;
			files = (
				71558223E4B1963628A115D5 /* AccessibleTableBridge.swift in Sources */,
				6E7FE1E48B37B17EB195284D /* AppLifecycle.swift in Sources */,
				BC4CAE67D1B91E0DD0EF8F48 /* AppSettings.swift in Sources */,
				F0325420BCF8E453528C1728 /* BaseballFieldTourView.swift in Sources */,
				7FE49CE6841F2741FB6D9993 /* BasketballCourtTourView.swift in Sources */,
				4EBA8B3274D13D19014A34C4 /* BoxScoreView.swift in Sources */,
				186C57EB9184039417063728 /* CFLAPIService.swift in Sources */,
				0628508F6916E0005D37835D /* CheatsheetPlayerDetailView.swift in Sources */,
				66941444CDF6D80C2263573F /* ContentView.swift in Sources */,
				EDF2DE37CADCCD46B40AB0AB /* DataTableView.swift in Sources */,
				898FBB6809528DF5A40939BE /* DatePickerView.swift in Sources */,
				513083EA6C93ED8413B1C342 /* DivisionMapper.swift in Sources */,
				A1F816EAE924F8B5EF769FEE /* Draft.swift in Sources */,
				29FAF8656BCC9C688CBF9721 /* ESPNAPIResponseModels.swift in Sources */,
				8A2691FFB0CCF34A4FCF39AE /* ESPNAPIService.swift in Sources */,
				3A293ADD2EB7355ADCAAAAF9 /* ErrorStateView.swift in Sources */,
				DF181F8E4C2910C471B91C15 /* FantasyCheatsheet.swift in Sources */,
				5CB5BC34BCD9CFE9AF28BFDB /* FantasyCheatsheetService.swift in Sources */,
				25EDD6B8C34B2ACC2DA9BBAC /* FantasyCheatsheetView.swift in Sources */,
				ABE86BFE5705A55FA2190FA3 /* FantasyCheatsheetViewModel.swift in Sources */,
				A221F73D4E746FEADF29971B /* FavoriteTeamCardView.swift in Sources */,
				98B229A70D3A2325E2F1C4F9 /* FavoritesHubViewModel.swift in Sources */,
				B7F18A6B46B91155BE6DE856 /* FieldAudioEngine.swift in Sources */,
				39FB1132256178B6106EA884 /* FootballFieldTourView.swift in Sources */,
				67AE8DCB8DE650FF5D655562 /* Game.swift in Sources */,
				B746C2D72B31CABAB14A8A32 /* GameDetailView.swift in Sources */,
				D5BBCFE2C7CC02F9EB4AFED3 /* GameDetailViewModel.swift in Sources */,
				3D763611A00B01CF66A2DB5C /* GameDetails.swift in Sources */,
				742E7893A7F2DB90E8FCA57F /* Golf.swift in Sources */,
				653CCA7C4DB692421571D3B5 /* GolfAPIModels.swift in Sources */,
				B50DBF1CC05B839C0E1C521D /* GolfHubView.swift in Sources */,
				976CAEAE9184F2A78CC4262E /* GolfLeaderboardView.swift in Sources */,
				B0A1FBA873B32E84234F9AE7 /* GolfLeagueView.swift in Sources */,
				BE2C0E300624C50840FFC407 /* GolfScheduleView.swift in Sources */,
				7F3D586CADB1DD18B41DBF6E /* GolfViewModel.swift in Sources */,
				E7F872A849B24BEFC94A4B28 /* HockeyRinkTourView.swift in Sources */,
				5818155580D3069662CD0A80 /* HomeViewModel.swift in Sources */,
				E12FF86C82FDE425DE041439 /* LiveScoresView.swift in Sources */,
				B54A3C6BF8F49A420AE8B5A6 /* LiveScoresViewModel.swift in Sources */,
				C64061F39E9C72D852DCECC2 /* NFLDraftView.swift in Sources */,
				5A6EF48AA7A31E15504E39C6 /* NFLDraftViewModel.swift in Sources */,
				148D279BE802BAA35FF18C92 /* News.swift in Sources */,
				B49424A188C213E59DF44F28 /* NewsView.swift in Sources */,
				AA53FCD9577528CAAD72E565 /* NewsViewModel.swift in Sources */,
				EC7138C39AF0542F702095B6 /* PitchAudioEngine.swift in Sources */,
				6C341E3F349F9C34917C0BA1 /* PitchMapView.swift in Sources */,
				3B58834BFF1C6F8E735AF6CC /* PitchZoneExplorerView.swift in Sources */,
				12D1B45EAF2BBCDCEBEB1005 /* PlaysView.swift in Sources */,
				F8BF3E6E1722253CFF729BD8 /* PollsView.swift in Sources */,
				1A468450657E6A4E5C798D40 /* PollsViewModel.swift in Sources */,
				32A0B49EBA1251670E58EB74 /* RaceTrackGeometry.swift in Sources */,
				90809E26F5DBB74D69E76BE5 /* RaceTrackHubView.swift in Sources */,
				B1098B418D22102B3F23481C /* RaceTrackTourView.swift in Sources */,
				21CAFBB917DB068912303B5F /* Racing.swift in Sources */,
				B973D17022B6F5ED81A9F474 /* RacingAPIModels.swift in Sources */,
				02204E507D7434022AB59839 /* RacingHubView.swift in Sources */,
				808CA07FF2757F686077B000 /* RacingLeagueView.swift in Sources */,
				D2262215C36B565516965D84 /* RacingResultsView.swift in Sources */,
				1E4B120B7514E95882EE8C2B /* RacingStandingsView.swift in Sources */,
				B4F64F7D6CCC5781CAE761A4 /* RacingViewModel.swift in Sources */,
				19E3A581324D154BA8CAB60C /* Schedule.swift in Sources */,
				3CF5D8B7E440EC82D67DAC1F /* ScoresView.swift in Sources */,
				B4010B138E30A62510C01960 /* ScoresViewModel.swift in Sources */,
				392431D62CD96C97D9DC0E35 /* ScoringSettingsView.swift in Sources */,
				5916DA34D59594D7B25A72C0 /* SeasonCalendar.swift in Sources */,
				AD2514C8D08879F4B4B46D8F /* SettingsView.swift in Sources */,
				CA0C3549396F6310A922238A /* SoccerHubView.swift in Sources */,
				545F71151CBFD1675AA29CCD /* SoccerHubViewModel.swift in Sources */,
				DF0DBB7CA6CF2D81436AF0AD /* SoccerLiveView.swift in Sources */,
				377E7AD8114C29BE0DCC76E4 /* SoccerLiveViewModel.swift in Sources */,
				21C8CC3FA2C4044DEC1D77BB /* SoccerPitchTourView.swift in Sources */,
				B6D69EB294E291DC424699E8 /* Sport.swift in Sources */,
				7D0281DAD5661B027D351459 /* SportSelectionView.swift in Sources */,
				17DD6D3CA0A61007F2DF8FC2 /* SportsScoresApp.swift in Sources */,
				13A69BFC319671031E87986D /* StadiumGeometry.swift in Sources */,
				9D93010B54E6E1BDF2438669 /* Standings.swift in Sources */,
				C95B57CC27DD8C19A2979B32 /* StandingsView.swift in Sources */,
				B85E0B110964AD140C6CA5C7 /* StandingsViewModel.swift in Sources */,
				42271DB165B90C4CABC41277 /* StatLeaderDetailView.swift in Sources */,
				D0297E190F614EB1BB6ADA63 /* StatisticsView.swift in Sources */,
				BAC55B44D2DD6AFAC014F6B5 /* StatisticsViewModel.swift in Sources */,
				5B5A856C6C64ABC79DF3C6B4 /* StrikeZoneBenchView.swift in Sources */,
				135113FE9015B742D1B2EE64 /* TeamHubConferencePickerView.swift in Sources */,
				615EE37F4333905A4B98CDF2 /* TeamHubDetailView.swift in Sources */,
				11745FDAA05A67412D2D514B /* TeamHubModels.swift in Sources */,
				8E21C05AAE5FF8A9BDC2D28D /* TeamHubSportPickerView.swift in Sources */,
				D40B019CCC9D990B7430DE61 /* TeamHubTeamPickerView.swift in Sources */,
				663C5ADF6B280AACF1980C39 /* TeamHubViewModel.swift in Sources */,
				7707BAC38C069F7267EC7E14 /* TeamInfoTabView.swift in Sources */,
				31603CE4AE41B5ABE907C348 /* TeamNamePreference.swift in Sources */,
				43515A69C1AC52DA8773923D /* TeamNewsTabView.swift in Sources */,
				1C91348F34852A843960069F /* TeamRosterTabView.swift in Sources */,
				620C4CFF1983222CC72994D2 /* TeamScheduleTabView.swift in Sources */,
				3B583CE5901CF86D24E84764 /* TeamScheduleView.swift in Sources */,
				32A6FF663F55FDB3009D64C7 /* TeamScheduleViewModel.swift in Sources */,
				C995418E06A9086A5F63BAD7 /* TeamStatsTabView.swift in Sources */,
				D6D4DE994975F6640BCD8CF6 /* TeamStatsViewModel.swift in Sources */,
				CC4CC995A5F7BE0BF99E0A0C /* TeamTransactionsTabView.swift in Sources */,
				4B2393188AA82F3FEFA7D8FC /* TheBenchView.swift in Sources */,
				8426328B31FF1D8507B76BC6 /* TouchTourAnnouncementService.swift in Sources */,
				7654DC022A81EFC4FAD5B406 /* Transaction.swift in Sources */,
				4C29DBE2E2D7001F23D97407 /* TransactionHubView.swift in Sources */,
				135C3FF984080B8C1137AF85 /* TransactionListView.swift in Sources */,
				658536EAD5B7590C0B17AE04 /* TransactionTeamPickerView.swift in Sources */,
				25A1383A1CEA78F0A22E7647 /* TransactionViewModel.swift in Sources */,
				C32F5CC0E58BF2711BCF4EB7 /* UserGuideView.swift in Sources */,
				537EDE5289F5FA56EDBB33E6 /* ViewMode.swift in Sources */,
				788B0B37E6585E5009AC5B34 /* WorldCup.swift in Sources */,
				DB68D0EC0027C7C63119943D /* WorldCupBracket.swift in Sources */,
				2DAFEF250D3D2D76BAAB1082 /* WorldCupBracketView.swift in Sources */,
				14912B654B5479336E3A6EDB /* WorldCupGroupsView.swift in Sources */,
				A36114AE09C2ACD5B6CC1EDA /* WorldCupHubView.swift in Sources */,
				CE292388A5B8C1967877ED6B /* WorldCupPathDetailView.swift in Sources */,
				301029E9D3502BBCC9A4577F /* WorldCupPathDetailViewModel.swift in Sources */,
				44CC376BD3D339F8307B9B03 /* WorldCupPathView.swift in Sources */,
				437405AD156F24694A662BEB /* WorldCupTeamView.swift in Sources */,
				3892ABB3CD58FD8AB9B5119E /* WorldCupTeamViewModel.swift in Sources */,
				784A00FB63D088FA0BEC2021 /* WorldCupViewModel.swift in Sources */,
			);
			runOnlyForDeploymentPostprocessing = 0;
		};
/* End PBXSourcesBuildPhase section */

/* Begin XCBuildConfiguration section */
		200EAE98A9BDB90D4AD71EBC /* Release */ = {
			isa = XCBuildConfiguration;
			buildSettings = {
				ASSETCATALOG_COMPILER_APPICON_NAME = AppIcon;
				ASSETCATALOG_COMPILER_GLOBAL_ACCENT_COLOR_NAME = AccentColor;
				CODE_SIGN_IDENTITY = "iPhone Developer";
				CODE_SIGN_STYLE = Automatic;
				CURRENT_PROJECT_VERSION = 30;
				DERIVE_MACCATALYST_PRODUCT_BUNDLE_IDENTIFIER = YES;
				DEVELOPMENT_TEAM = P887QF74N8;
				ENABLE_DEBUG_DYLIB = NO;
				ENABLE_PREVIEWS = NO;
				GENERATE_INFOPLIST_FILE = YES;
				INFOPLIST_KEY_CFBundleDisplayName = "Sports Scores Fast";
				INFOPLIST_KEY_ITSAppUsesNonExemptEncryption = NO;
				INFOPLIST_KEY_UIApplicationSceneManifest_Generation = YES;
				INFOPLIST_KEY_UIApplicationSupportsIndirectInputEvents = YES;
				INFOPLIST_KEY_UILaunchScreen_Generation = YES;
				INFOPLIST_KEY_UISupportedInterfaceOrientations = "UIInterfaceOrientationPortrait UIInterfaceOrientationLandscapeLeft UIInterfaceOrientationLandscapeRight";
				INFOPLIST_KEY_UISupportedInterfaceOrientations_iPad = "UIInterfaceOrientationPortrait UIInterfaceOrientationPortraitUpsideDown UIInterfaceOrientationLandscapeLeft UIInterfaceOrientationLandscapeRight";
				LD_RUNPATH_SEARCH_PATHS = (
					"$(inherited)",
					"@executable_path/Frameworks",
				);
				MARKETING_VERSION = 0.8;
				PRODUCT_BUNDLE_IDENTIFIER = com.sportsscores.app;
				SDKROOT = iphoneos;
				SUPPORTS_MACCATALYST = YES;
				SWIFT_EMIT_LOC_STRINGS = YES;
				TARGETED_DEVICE_FAMILY = "1,2";
			};
			name = Release;
		};
		80B76FF674A9FE6CA791743D /* Debug */ = {
			isa = XCBuildConfiguration;
			buildSettings = {
				ASSETCATALOG_COMPILER_APPICON_NAME = AppIcon;
				ASSETCATALOG_COMPILER_GLOBAL_ACCENT_COLOR_NAME = AccentColor;
				CODE_SIGN_IDENTITY = "iPhone Developer";
				CODE_SIGN_STYLE = Automatic;
				CURRENT_PROJECT_VERSION = 30;
				DERIVE_MACCATALYST_PRODUCT_BUNDLE_IDENTIFIER = YES;
				DEVELOPMENT_TEAM = P887QF74N8;
				ENABLE_DEBUG_DYLIB = NO;
				ENABLE_PREVIEWS = NO;
				GENERATE_INFOPLIST_FILE = YES;
				INFOPLIST_KEY_CFBundleDisplayName = "Sports Scores Fast";
				INFOPLIST_KEY_ITSAppUsesNonExemptEncryption = NO;
				INFOPLIST_KEY_UIApplicationSceneManifest_Generation = YES;
				INFOPLIST_KEY_UIApplicationSupportsIndirectInputEvents = YES;
				INFOPLIST_KEY_UILaunchScreen_Generation = YES;
				INFOPLIST_KEY_UISupportedInterfaceOrientations = "UIInterfaceOrientationPortrait UIInterfaceOrientationLandscapeLeft UIInterfaceOrientationLandscapeRight";
				INFOPLIST_KEY_UISupportedInterfaceOrientations_iPad = "UIInterfaceOrientationPortrait UIInterfaceOrientationPortraitUpsideDown UIInterfaceOrientationLandscapeLeft UIInterfaceOrientationLandscapeRight";
				LD_RUNPATH_SEARCH_PATHS = (
					"$(inherited)",
					"@executable_path/Frameworks",
				);
				MARKETING_VERSION = 0.8;
				PRODUCT_BUNDLE_IDENTIFIER = com.sportsscores.app;
				SDKROOT = iphoneos;
				SUPPORTS_MACCATALYST = YES;
				SWIFT_EMIT_LOC_STRINGS = YES;
				TARGETED_DEVICE_FAMILY = "1,2";
			};
			name = Debug;
		};
		ED5B7EE6FD35E8813B2D5FD5 /* Release */ = {
			isa = XCBuildConfiguration;
			buildSettings = {
				ALWAYS_SEARCH_USER_PATHS = NO;
				CLANG_ANALYZER_LOCALIZABILITY_NONLOCALIZED = YES;
				CLANG_ANALYZER_NONNULL = YES;
				CLANG_ANALYZER_NUMBER_OBJECT_CONVERSION = YES_AGGRESSIVE;
				CLANG_CXX_LANGUAGE_STANDARD = "gnu++14";
				CLANG_CXX_LIBRARY = "libc++";
				CLANG_ENABLE_MODULES = YES;
				CLANG_ENABLE_OBJC_ARC = YES;
				CLANG_ENABLE_OBJC_WEAK = YES;
				CLANG_WARN_BLOCK_CAPTURE_AUTORELEASING = YES;
				CLANG_WARN_BOOL_CONVERSION = YES;
				CLANG_WARN_COMMA = YES;
				CLANG_WARN_CONSTANT_CONVERSION = YES;
				CLANG_WARN_DEPRECATED_OBJC_IMPLEMENTATIONS = YES;
				CLANG_WARN_DIRECT_OBJC_ISA_USAGE = YES_ERROR;
				CLANG_WARN_DOCUMENTATION_COMMENTS = YES;
				CLANG_WARN_EMPTY_BODY = YES;
				CLANG_WARN_ENUM_CONVERSION = YES;
				CLANG_WARN_INFINITE_RECURSION = YES;
				CLANG_WARN_INT_CONVERSION = YES;
				CLANG_WARN_NON_LITERAL_NULL_CONVERSION = YES;
				CLANG_WARN_OBJC_IMPLICIT_RETAIN_SELF = YES;
				CLANG_WARN_OBJC_LITERAL_CONVERSION = YES;
				CLANG_WARN_OBJC_ROOT_CLASS = YES_ERROR;
				CLANG_WARN_QUOTED_INCLUDE_IN_FRAMEWORK_HEADER = YES;
				CLANG_WARN_RANGE_LOOP_ANALYSIS = YES;
				CLANG_WARN_STRICT_PROTOTYPES = YES;
				CLANG_WARN_SUSPICIOUS_MOVE = YES;
				CLANG_WARN_UNGUARDED_AVAILABILITY = YES_AGGRESSIVE;
				CLANG_WARN_UNREACHABLE_CODE = YES;
				CLANG_WARN__DUPLICATE_METHOD_MATCH = YES;
				COPY_PHASE_STRIP = NO;
				DEAD_CODE_STRIPPING = YES;
				DEBUG_INFORMATION_FORMAT = "dwarf-with-dsym";
				ENABLE_NS_ASSERTIONS = NO;
				ENABLE_STRICT_OBJC_MSGSEND = YES;
				ENABLE_USER_SCRIPT_SANDBOXING = YES;
				GCC_C_LANGUAGE_STANDARD = gnu11;
				GCC_NO_COMMON_BLOCKS = YES;
				GCC_WARN_64_TO_32_BIT_CONVERSION = YES;
				GCC_WARN_ABOUT_RETURN_TYPE = YES;
				GCC_WARN_UNDECLARED_SELECTOR = YES;
				GCC_WARN_UNINITIALIZED_AUTOS = YES;
				GCC_WARN_UNUSED_FUNCTION = YES;
				GCC_WARN_UNUSED_VARIABLE = YES;
				IPHONEOS_DEPLOYMENT_TARGET = 17.0;
				MACOSX_DEPLOYMENT_TARGET = 14.0;
				MTL_ENABLE_DEBUG_INFO = NO;
				MTL_FAST_MATH = YES;
				PRODUCT_NAME = SportsScores;
				SDKROOT = iphoneos;
				SWIFT_COMPILATION_MODE = wholemodule;
				SWIFT_OPTIMIZATION_LEVEL = "-O";
				SWIFT_STRICT_CONCURRENCY = minimal;
				SWIFT_VERSION = 5.9;
				TARGETED_DEVICE_FAMILY = "1,2";
			};
			name = Release;
		};
		F8CBC79BCC4F3DFCD771828E /* Debug */ = {
			isa = XCBuildConfiguration;
			buildSettings = {
				ALWAYS_SEARCH_USER_PATHS = NO;
				CLANG_ANALYZER_LOCALIZABILITY_NONLOCALIZED = YES;
				CLANG_ANALYZER_NONNULL = YES;
				CLANG_ANALYZER_NUMBER_OBJECT_CONVERSION = YES_AGGRESSIVE;
				CLANG_CXX_LANGUAGE_STANDARD = "gnu++14";
				CLANG_CXX_LIBRARY = "libc++";
				CLANG_ENABLE_MODULES = YES;
				CLANG_ENABLE_OBJC_ARC = YES;
				CLANG_ENABLE_OBJC_WEAK = YES;
				CLANG_WARN_BLOCK_CAPTURE_AUTORELEASING = YES;
				CLANG_WARN_BOOL_CONVERSION = YES;
				CLANG_WARN_COMMA = YES;
				CLANG_WARN_CONSTANT_CONVERSION = YES;
				CLANG_WARN_DEPRECATED_OBJC_IMPLEMENTATIONS = YES;
				CLANG_WARN_DIRECT_OBJC_ISA_USAGE = YES_ERROR;
				CLANG_WARN_DOCUMENTATION_COMMENTS = YES;
				CLANG_WARN_EMPTY_BODY = YES;
				CLANG_WARN_ENUM_CONVERSION = YES;
				CLANG_WARN_INFINITE_RECURSION = YES;
				CLANG_WARN_INT_CONVERSION = YES;
				CLANG_WARN_NON_LITERAL_NULL_CONVERSION = YES;
				CLANG_WARN_OBJC_IMPLICIT_RETAIN_SELF = YES;
				CLANG_WARN_OBJC_LITERAL_CONVERSION = YES;
				CLANG_WARN_OBJC_ROOT_CLASS = YES_ERROR;
				CLANG_WARN_QUOTED_INCLUDE_IN_FRAMEWORK_HEADER = YES;
				CLANG_WARN_RANGE_LOOP_ANALYSIS = YES;
				CLANG_WARN_STRICT_PROTOTYPES = YES;
				CLANG_WARN_SUSPICIOUS_MOVE = YES;
				CLANG_WARN_UNGUARDED_AVAILABILITY = YES_AGGRESSIVE;
				CLANG_WARN_UNREACHABLE_CODE = YES;
				CLANG_WARN__DUPLICATE_METHOD_MATCH = YES;
				COPY_PHASE_STRIP = NO;
				DEAD_CODE_STRIPPING = YES;
				DEBUG_INFORMATION_FORMAT = dwarf;
				ENABLE_STRICT_OBJC_MSGSEND = YES;
				ENABLE_TESTABILITY = YES;
				ENABLE_USER_SCRIPT_SANDBOXING = YES;
				GCC_C_LANGUAGE_STANDARD = gnu11;
				GCC_DYNAMIC_NO_PIC = NO;
				GCC_NO_COMMON_BLOCKS = YES;
				GCC_OPTIMIZATION_LEVEL = 0;
				GCC_PREPROCESSOR_DEFINITIONS = (
					"$(inherited)",
					"DEBUG=1",
				);
				GCC_WARN_64_TO_32_BIT_CONVERSION = YES;
				GCC_WARN_ABOUT_RETURN_TYPE = YES;
				GCC_WARN_UNDECLARED_SELECTOR = YES;
				GCC_WARN_UNINITIALIZED_AUTOS = YES;
				GCC_WARN_UNUSED_FUNCTION = YES;
				GCC_WARN_UNUSED_VARIABLE = YES;
				IPHONEOS_DEPLOYMENT_TARGET = 17.0;
				MACOSX_DEPLOYMENT_TARGET = 14.0;
				MTL_ENABLE_DEBUG_INFO = INCLUDE_SOURCE;
				MTL_FAST_MATH = YES;
				ONLY_ACTIVE_ARCH = YES;
				PRODUCT_NAME = SportsScores;
				SDKROOT = iphoneos;
				SWIFT_ACTIVE_COMPILATION_CONDITIONS = DEBUG;
				SWIFT_OPTIMIZATION_LEVEL = "-Onone";
				SWIFT_STRICT_CONCURRENCY = minimal;
				SWIFT_VERSION = 5.9;
				TARGETED_DEVICE_FAMILY = "1,2";
			};
			name = Debug;
		};
/* End XCBuildConfiguration section */

/* Begin XCConfigurationList section */
		850FEF3B5DECC6C82CB83CC7 /* Build configuration list for PBXProject "SportsScores" */ = {
			isa = XCConfigurationList;
			buildConfigurations = (
				F8CBC79BCC4F3DFCD771828E /* Debug */,
				ED5B7EE6FD35E8813B2D5FD5 /* Release */,
			);
			defaultConfigurationIsVisible = 0;
			defaultConfigurationName = Debug;
		};
		F0061743BD17149CB0D34A36 /* Build configuration list for PBXNativeTarget "SportsScores" */ = {
			isa = XCConfigurationList;
			buildConfigurations = (
				80B76FF674A9FE6CA791743D /* Debug */,
				200EAE98A9BDB90D4AD71EBC /* Release */,
			);
			defaultConfigurationIsVisible = 0;
			defaultConfigurationName = Debug;
		};
/* End XCConfigurationList section */
	};
	rootObject = 76E19A7D39715887A61C957C /* Project object */;
}
